<?xml version="1.0" encoding="UTF-8"?>
<!DOCTYPE plist PUBLIC "-//Apple//DTD PLIST 1.0//EN" "http://www.apple.com/DTDs/PropertyList-1.0.dtd">
<plist version="1.0">
<dict>
	<key>archiveVersion</key>
	<string>1</string>
	<key>classes</key>
	<dict/>
	<key>objectVersion</key>
	<string>46</string>
	<key>objects</key>
	<dict>
		<key>0507B0A0582C9A536D3A6768</key>
		<dict>
			<key>children</key>
			<array>
				<string>95905CEFB2C909D57F8B1CE8</string>
				<string>5508D6AED0F11CC91C882F6E</string>
				<string>63D122B4DD7EE1EC866B5B97</string>
				<string>864D912F4C0733CD6085DE25</string>
			</array>
			<key>isa</key>
			<string>PBXGroup</string>
			<key>name</key>
			<string>Pods</string>
			<key>sourceTree</key>
			<string>&lt;group&gt;</string>
		</dict>
		<key>1C0B6B15767340C59209597C</key>
		<dict>
			<key>buildActionMask</key>
			<string>2147483647</string>
			<key>files</key>
			<array/>
			<key>inputPaths</key>
			<array/>
			<key>isa</key>
			<string>PBXShellScriptBuildPhase</string>
			<key>name</key>
			<string>Copy Pods Resources</string>
			<key>outputPaths</key>
			<array/>
			<key>runOnlyForDeploymentPostprocessing</key>
			<string>0</string>
			<key>shellPath</key>
			<string>/bin/sh</string>
			<key>shellScript</key>
			<string>"${SRCROOT}/Pods/Target Support Files/Pods-Tests/Pods-Tests-resources.sh"
</string>
			<key>showEnvVarsInLog</key>
			<string>0</string>
		</dict>
		<key>268DEA9493FA41AC9C9F237E</key>
		<dict>
			<key>explicitFileType</key>
			<string>archive.ar</string>
			<key>includeInIndex</key>
			<string>0</string>
			<key>isa</key>
			<string>PBXFileReference</string>
			<key>path</key>
			<string>libPods-Demo.a</string>
			<key>sourceTree</key>
			<string>BUILT_PRODUCTS_DIR</string>
		</dict>
		<key>48E7ED25C3E34D768053F873</key>
		<dict>
			<key>buildActionMask</key>
			<string>2147483647</string>
			<key>files</key>
			<array/>
			<key>inputPaths</key>
			<array/>
			<key>isa</key>
			<string>PBXShellScriptBuildPhase</string>
			<key>name</key>
			<string>Check Pods Manifest.lock</string>
			<key>outputPaths</key>
			<array/>
			<key>runOnlyForDeploymentPostprocessing</key>
			<string>0</string>
			<key>shellPath</key>
			<string>/bin/sh</string>
			<key>shellScript</key>
			<string>diff "${PODS_ROOT}/../Podfile.lock" "${PODS_ROOT}/Manifest.lock" &gt; /dev/null
if [[ $? != 0 ]] ; then
    cat &lt;&lt; EOM
error: The sandbox is not in sync with the Podfile.lock. Run 'pod install' or update your CocoaPods installation.
EOM
    exit 1
fi
</string>
			<key>showEnvVarsInLog</key>
			<string>0</string>
		</dict>
		<key>5508D6AED0F11CC91C882F6E</key>
		<dict>
			<key>includeInIndex</key>
			<string>1</string>
			<key>isa</key>
			<string>PBXFileReference</string>
			<key>lastKnownFileType</key>
			<string>text.xcconfig</string>
			<key>name</key>
			<string>Pods-Demo.release.xcconfig</string>
			<key>path</key>
			<string>Pods/Target Support Files/Pods-Demo/Pods-Demo.release.xcconfig</string>
			<key>sourceTree</key>
			<string>&lt;group&gt;</string>
		</dict>
		<key>63D122B4DD7EE1EC866B5B97</key>
		<dict>
			<key>includeInIndex</key>
			<string>1</string>
			<key>isa</key>
			<string>PBXFileReference</string>
			<key>lastKnownFileType</key>
			<string>text.xcconfig</string>
			<key>name</key>
			<string>Pods-Tests.debug.xcconfig</string>
			<key>path</key>
			<string>Pods/Target Support Files/Pods-Tests/Pods-Tests.debug.xcconfig</string>
			<key>sourceTree</key>
			<string>&lt;group&gt;</string>
		</dict>
		<key>6AFD6214A1FA47AFB541AF9F</key>
		<dict>
			<key>explicitFileType</key>
			<string>archive.ar</string>
			<key>includeInIndex</key>
			<string>0</string>
			<key>isa</key>
			<string>PBXFileReference</string>
			<key>path</key>
			<string>libPods-Tests.a</string>
			<key>sourceTree</key>
			<string>BUILT_PRODUCTS_DIR</string>
		</dict>
		<key>864D912F4C0733CD6085DE25</key>
		<dict>
			<key>includeInIndex</key>
			<string>1</string>
			<key>isa</key>
			<string>PBXFileReference</string>
			<key>lastKnownFileType</key>
			<string>text.xcconfig</string>
			<key>name</key>
			<string>Pods-Tests.release.xcconfig</string>
			<key>path</key>
			<string>Pods/Target Support Files/Pods-Tests/Pods-Tests.release.xcconfig</string>
			<key>sourceTree</key>
			<string>&lt;group&gt;</string>
		</dict>
		<key>95905CEFB2C909D57F8B1CE8</key>
		<dict>
			<key>includeInIndex</key>
			<string>1</string>
			<key>isa</key>
			<string>PBXFileReference</string>
			<key>lastKnownFileType</key>
			<string>text.xcconfig</string>
			<key>name</key>
			<string>Pods-Demo.debug.xcconfig</string>
			<key>path</key>
			<string>Pods/Target Support Files/Pods-Demo/Pods-Demo.debug.xcconfig</string>
			<key>sourceTree</key>
			<string>&lt;group&gt;</string>
		</dict>
		<key>9FB9899DBDA3488E89239FAE</key>
		<dict>
			<key>fileRef</key>
			<string>268DEA9493FA41AC9C9F237E</string>
			<key>isa</key>
			<string>PBXBuildFile</string>
		</dict>
		<key>A53051748F7242CC8C4BEEF7</key>
		<dict>
			<key>buildActionMask</key>
			<string>2147483647</string>
			<key>files</key>
			<array/>
			<key>inputPaths</key>
			<array/>
			<key>isa</key>
			<string>PBXShellScriptBuildPhase</string>
			<key>name</key>
			<string>Check Pods Manifest.lock</string>
			<key>outputPaths</key>
			<array/>
			<key>runOnlyForDeploymentPostprocessing</key>
			<string>0</string>
			<key>shellPath</key>
			<string>/bin/sh</string>
			<key>shellScript</key>
			<string>diff "${PODS_ROOT}/../Podfile.lock" "${PODS_ROOT}/Manifest.lock" &gt; /dev/null
if [[ $? != 0 ]] ; then
    cat &lt;&lt; EOM
error: The sandbox is not in sync with the Podfile.lock. Run 'pod install' or update your CocoaPods installation.
EOM
    exit 1
fi
</string>
			<key>showEnvVarsInLog</key>
			<string>0</string>
		</dict>
		<key>B92DD030189801F9006F2740</key>
		<dict>
			<key>children</key>
			<array>
				<string>B9EB23BF189FBBF50068241D</string>
				<string>B92DD042189801FA006F2740</string>
				<string>B92DD067189801FA006F2740</string>
				<string>B960610B189993BC00A50F87</string>
				<string>B92DD03B189801F9006F2740</string>
				<string>B92DD03A189801F9006F2740</string>
				<string>0507B0A0582C9A536D3A6768</string>
			</array>
			<key>isa</key>
			<string>PBXGroup</string>
			<key>sourceTree</key>
			<string>&lt;group&gt;</string>
		</dict>
		<key>B92DD031189801F9006F2740</key>
		<dict>
			<key>attributes</key>
			<dict>
				<key>CLASSPREFIX</key>
				<string>NA</string>
				<key>LastUpgradeCheck</key>
				<string>0510</string>
				<key>ORGANIZATIONNAME</key>
				<string>Yuji Nakayama</string>
				<key>TargetAttributes</key>
				<dict>
					<key>B92DD05F189801FA006F2740</key>
					<dict>
						<key>TestTargetID</key>
						<string>B92DD038189801F9006F2740</string>
					</dict>
				</dict>
			</dict>
			<key>buildConfigurationList</key>
			<string>B92DD034189801F9006F2740</string>
			<key>compatibilityVersion</key>
			<string>Xcode 3.2</string>
			<key>developmentRegion</key>
			<string>English</string>
			<key>hasScannedForEncodings</key>
			<string>0</string>
			<key>isa</key>
			<string>PBXProject</string>
			<key>knownRegions</key>
			<array>
				<string>en</string>
				<string>Base</string>
			</array>
			<key>mainGroup</key>
			<string>B92DD030189801F9006F2740</string>
			<key>productRefGroup</key>
			<string>B92DD03A189801F9006F2740</string>
			<key>projectDirPath</key>
			<string></string>
			<key>projectReferences</key>
			<array/>
			<key>projectRoot</key>
			<string></string>
			<key>targets</key>
			<array>
				<string>B92DD038189801F9006F2740</string>
				<string>B92DD05F189801FA006F2740</string>
				<string>B9606106189993BC00A50F87</string>
			</array>
		</dict>
		<key>B92DD034189801F9006F2740</key>
		<dict>
			<key>buildConfigurations</key>
			<array>
				<string>B92DD06F189801FA006F2740</string>
				<string>B92DD070189801FA006F2740</string>
			</array>
			<key>defaultConfigurationIsVisible</key>
			<string>0</string>
			<key>defaultConfigurationName</key>
			<string>Release</string>
			<key>isa</key>
			<string>XCConfigurationList</string>
		</dict>
		<key>B92DD035189801F9006F2740</key>
		<dict>
			<key>buildActionMask</key>
			<string>2147483647</string>
			<key>files</key>
			<array>
				<string>B98DFF5C189FBDC600CB9A50</string>
				<string>B92DD049189801FA006F2740</string>
				<string>B98DFF5B189FBDC300CB9A50</string>
				<string>B92DD04D189801FA006F2740</string>
			</array>
			<key>isa</key>
			<string>PBXSourcesBuildPhase</string>
			<key>runOnlyForDeploymentPostprocessing</key>
			<string>0</string>
		</dict>
		<key>B92DD036189801F9006F2740</key>
		<dict>
			<key>buildActionMask</key>
			<string>2147483647</string>
			<key>files</key>
			<array>
				<string>B92DD03F189801FA006F2740</string>
				<string>B92DD041189801FA006F2740</string>
				<string>B92DD03D189801F9006F2740</string>
			</array>
			<key>isa</key>
			<string>PBXFrameworksBuildPhase</string>
			<key>runOnlyForDeploymentPostprocessing</key>
			<string>0</string>
		</dict>
		<key>B92DD037189801F9006F2740</key>
		<dict>
			<key>buildActionMask</key>
			<string>2147483647</string>
			<key>files</key>
			<array>
				<string>B92DD05B189801FA006F2740</string>
				<string>B92DD047189801FA006F2740</string>
			</array>
			<key>isa</key>
			<string>PBXResourcesBuildPhase</string>
			<key>runOnlyForDeploymentPostprocessing</key>
			<string>0</string>
		</dict>
		<key>B92DD038189801F9006F2740</key>
		<dict>
			<key>buildConfigurationList</key>
			<string>B92DD071189801FA006F2740</string>
			<key>buildPhases</key>
			<array>
				<string>B92DD035189801F9006F2740</string>
				<string>B92DD036189801F9006F2740</string>
				<string>B92DD037189801F9006F2740</string>
			</array>
			<key>buildRules</key>
			<array/>
			<key>dependencies</key>
			<array/>
			<key>isa</key>
			<string>PBXNativeTarget</string>
			<key>name</key>
			<string>TestHost</string>
			<key>productName</key>
			<string>NAKPlaybackIndicatorView</string>
			<key>productReference</key>
			<string>B92DD039189801F9006F2740</string>
			<key>productType</key>
			<string>com.apple.product-type.application</string>
		</dict>
		<key>B92DD039189801F9006F2740</key>
		<dict>
			<key>explicitFileType</key>
			<string>wrapper.application</string>
			<key>includeInIndex</key>
			<string>0</string>
			<key>isa</key>
			<string>PBXFileReference</string>
			<key>path</key>
			<string>TestHost.app</string>
			<key>sourceTree</key>
			<string>BUILT_PRODUCTS_DIR</string>
		</dict>
		<key>B92DD03A189801F9006F2740</key>
		<dict>
			<key>children</key>
			<array>
				<string>B92DD039189801F9006F2740</string>
				<string>B92DD060189801FA006F2740</string>
				<string>B9606107189993BC00A50F87</string>
			</array>
			<key>isa</key>
			<string>PBXGroup</string>
			<key>name</key>
			<string>Products</string>
			<key>sourceTree</key>
			<string>&lt;group&gt;</string>
		</dict>
		<key>B92DD03B189801F9006F2740</key>
		<dict>
			<key>children</key>
			<array>
				<string>B96061361899977000A50F87</string>
				<string>B96061341899971A00A50F87</string>
				<string>B92DD03C189801F9006F2740</string>
				<string>B92DD03E189801FA006F2740</string>
				<string>B92DD040189801FA006F2740</string>
				<string>B92DD061189801FA006F2740</string>
				<string>6AFD6214A1FA47AFB541AF9F</string>
				<string>268DEA9493FA41AC9C9F237E</string>
			</array>
			<key>isa</key>
			<string>PBXGroup</string>
			<key>name</key>
			<string>Frameworks</string>
			<key>sourceTree</key>
			<string>&lt;group&gt;</string>
		</dict>
		<key>B92DD03C189801F9006F2740</key>
		<dict>
			<key>isa</key>
			<string>PBXFileReference</string>
			<key>lastKnownFileType</key>
			<string>wrapper.framework</string>
			<key>name</key>
			<string>Foundation.framework</string>
			<key>path</key>
			<string>System/Library/Frameworks/Foundation.framework</string>
			<key>sourceTree</key>
			<string>SDKROOT</string>
		</dict>
		<key>B92DD03D189801F9006F2740</key>
		<dict>
			<key>fileRef</key>
			<string>B92DD03C189801F9006F2740</string>
			<key>isa</key>
			<string>PBXBuildFile</string>
		</dict>
		<key>B92DD03E189801FA006F2740</key>
		<dict>
			<key>isa</key>
			<string>PBXFileReference</string>
			<key>lastKnownFileType</key>
			<string>wrapper.framework</string>
			<key>name</key>
			<string>CoreGraphics.framework</string>
			<key>path</key>
			<string>System/Library/Frameworks/CoreGraphics.framework</string>
			<key>sourceTree</key>
			<string>SDKROOT</string>
		</dict>
		<key>B92DD03F189801FA006F2740</key>
		<dict>
			<key>fileRef</key>
			<string>B92DD03E189801FA006F2740</string>
			<key>isa</key>
			<string>PBXBuildFile</string>
		</dict>
		<key>B92DD040189801FA006F2740</key>
		<dict>
			<key>isa</key>
			<string>PBXFileReference</string>
			<key>lastKnownFileType</key>
			<string>wrapper.framework</string>
			<key>name</key>
			<string>UIKit.framework</string>
			<key>path</key>
			<string>System/Library/Frameworks/UIKit.framework</string>
			<key>sourceTree</key>
			<string>SDKROOT</string>
		</dict>
		<key>B92DD041189801FA006F2740</key>
		<dict>
			<key>fileRef</key>
			<string>B92DD040189801FA006F2740</string>
			<key>isa</key>
			<string>PBXBuildFile</string>
		</dict>
		<key>B92DD042189801FA006F2740</key>
		<dict>
			<key>children</key>
			<array>
				<string>B92DD04B189801FA006F2740</string>
				<string>B92DD04C189801FA006F2740</string>
				<string>B92DD05A189801FA006F2740</string>
				<string>B92DD043189801FA006F2740</string>
			</array>
			<key>isa</key>
			<string>PBXGroup</string>
			<key>path</key>
			<string>TestHost</string>
			<key>sourceTree</key>
			<string>&lt;group&gt;</string>
		</dict>
		<key>B92DD043189801FA006F2740</key>
		<dict>
			<key>children</key>
			<array>
				<string>B92DD044189801FA006F2740</string>
				<string>B92DD045189801FA006F2740</string>
				<string>B92DD048189801FA006F2740</string>
				<string>B92DD04A189801FA006F2740</string>
			</array>
			<key>isa</key>
			<string>PBXGroup</string>
			<key>name</key>
			<string>Supporting Files</string>
			<key>sourceTree</key>
			<string>&lt;group&gt;</string>
		</dict>
		<key>B92DD044189801FA006F2740</key>
		<dict>
			<key>isa</key>
			<string>PBXFileReference</string>
			<key>lastKnownFileType</key>
			<string>text.plist.xml</string>
			<key>path</key>
			<string>TestHost-Info.plist</string>
			<key>sourceTree</key>
			<string>&lt;group&gt;</string>
		</dict>
		<key>B92DD045189801FA006F2740</key>
		<dict>
			<key>children</key>
			<array>
				<string>B92DD046189801FA006F2740</string>
			</array>
			<key>isa</key>
			<string>PBXVariantGroup</string>
			<key>name</key>
			<string>InfoPlist.strings</string>
			<key>sourceTree</key>
			<string>&lt;group&gt;</string>
		</dict>
		<key>B92DD046189801FA006F2740</key>
		<dict>
			<key>isa</key>
			<string>PBXFileReference</string>
			<key>lastKnownFileType</key>
			<string>text.plist.strings</string>
			<key>name</key>
			<string>en</string>
			<key>path</key>
			<string>en.lproj/InfoPlist.strings</string>
			<key>sourceTree</key>
			<string>&lt;group&gt;</string>
		</dict>
		<key>B92DD047189801FA006F2740</key>
		<dict>
			<key>fileRef</key>
			<string>B92DD045189801FA006F2740</string>
			<key>isa</key>
			<string>PBXBuildFile</string>
		</dict>
		<key>B92DD048189801FA006F2740</key>
		<dict>
			<key>isa</key>
			<string>PBXFileReference</string>
			<key>lastKnownFileType</key>
			<string>sourcecode.c.objc</string>
			<key>path</key>
			<string>main.m</string>
			<key>sourceTree</key>
			<string>&lt;group&gt;</string>
		</dict>
		<key>B92DD049189801FA006F2740</key>
		<dict>
			<key>fileRef</key>
			<string>B92DD048189801FA006F2740</string>
			<key>isa</key>
			<string>PBXBuildFile</string>
		</dict>
		<key>B92DD04A189801FA006F2740</key>
		<dict>
			<key>isa</key>
			<string>PBXFileReference</string>
			<key>lastKnownFileType</key>
			<string>sourcecode.c.h</string>
			<key>path</key>
			<string>TestHost-Prefix.pch</string>
			<key>sourceTree</key>
			<string>&lt;group&gt;</string>
		</dict>
		<key>B92DD04B189801FA006F2740</key>
		<dict>
			<key>isa</key>
			<string>PBXFileReference</string>
			<key>lastKnownFileType</key>
			<string>sourcecode.c.h</string>
			<key>path</key>
			<string>THAppDelegate.h</string>
			<key>sourceTree</key>
			<string>&lt;group&gt;</string>
		</dict>
		<key>B92DD04C189801FA006F2740</key>
		<dict>
			<key>isa</key>
			<string>PBXFileReference</string>
			<key>lastKnownFileType</key>
			<string>sourcecode.c.objc</string>
			<key>path</key>
			<string>THAppDelegate.m</string>
			<key>sourceTree</key>
			<string>&lt;group&gt;</string>
		</dict>
		<key>B92DD04D189801FA006F2740</key>
		<dict>
			<key>fileRef</key>
			<string>B92DD04C189801FA006F2740</string>
			<key>isa</key>
			<string>PBXBuildFile</string>
		</dict>
		<key>B92DD05A189801FA006F2740</key>
		<dict>
			<key>isa</key>
			<string>PBXFileReference</string>
			<key>lastKnownFileType</key>
			<string>folder.assetcatalog</string>
			<key>path</key>
			<string>Images.xcassets</string>
			<key>sourceTree</key>
			<string>&lt;group&gt;</string>
		</dict>
		<key>B92DD05B189801FA006F2740</key>
		<dict>
			<key>fileRef</key>
			<string>B92DD05A189801FA006F2740</string>
			<key>isa</key>
			<string>PBXBuildFile</string>
		</dict>
		<key>B92DD05C189801FA006F2740</key>
		<dict>
			<key>buildActionMask</key>
			<string>2147483647</string>
			<key>files</key>
			<array>
				<string>B92DD06E189801FA006F2740</string>
				<string>B94EDD2E189AD92600552FA0</string>
			</array>
			<key>isa</key>
			<string>PBXSourcesBuildPhase</string>
			<key>runOnlyForDeploymentPostprocessing</key>
			<string>0</string>
		</dict>
		<key>B92DD05D189801FA006F2740</key>
		<dict>
			<key>buildActionMask</key>
			<string>2147483647</string>
			<key>files</key>
			<array>
				<string>B92DD062189801FA006F2740</string>
				<string>B92DD064189801FA006F2740</string>
				<string>B92DD063189801FA006F2740</string>
				<string>CF523484B77A4B0B8F86BEB5</string>
			</array>
			<key>isa</key>
			<string>PBXFrameworksBuildPhase</string>
			<key>runOnlyForDeploymentPostprocessing</key>
			<string>0</string>
		</dict>
		<key>B92DD05E189801FA006F2740</key>
		<dict>
			<key>buildActionMask</key>
			<string>2147483647</string>
			<key>files</key>
			<array>
				<string>B92DD06C189801FA006F2740</string>
				<string>B9EB23C2189FBBF50068241D</string>
				<string>B9EB23C1189FBBF50068241D</string>
				<string>B9EB23C3189FBBF50068241D</string>
				<string>B9EB23C0189FBBF50068241D</string>
			</array>
			<key>isa</key>
			<string>PBXResourcesBuildPhase</string>
			<key>runOnlyForDeploymentPostprocessing</key>
			<string>0</string>
		</dict>
		<key>B92DD05F189801FA006F2740</key>
		<dict>
			<key>buildConfigurationList</key>
			<string>B92DD074189801FA006F2740</string>
			<key>buildPhases</key>
			<array>
				<string>A53051748F7242CC8C4BEEF7</string>
				<string>B92DD05C189801FA006F2740</string>
				<string>B92DD05D189801FA006F2740</string>
				<string>B92DD05E189801FA006F2740</string>
				<string>1C0B6B15767340C59209597C</string>
			</array>
			<key>buildRules</key>
			<array/>
			<key>dependencies</key>
			<array>
				<string>B92DD066189801FA006F2740</string>
			</array>
			<key>isa</key>
			<string>PBXNativeTarget</string>
			<key>name</key>
			<string>Tests</string>
			<key>productName</key>
			<string>NAKPlaybackIndicatorViewTests</string>
			<key>productReference</key>
			<string>B92DD060189801FA006F2740</string>
			<key>productType</key>
			<string>com.apple.product-type.bundle.unit-test</string>
		</dict>
		<key>B92DD060189801FA006F2740</key>
		<dict>
			<key>explicitFileType</key>
			<string>wrapper.cfbundle</string>
			<key>includeInIndex</key>
			<string>0</string>
			<key>isa</key>
			<string>PBXFileReference</string>
			<key>path</key>
			<string>Tests.xctest</string>
			<key>sourceTree</key>
			<string>BUILT_PRODUCTS_DIR</string>
		</dict>
		<key>B92DD061189801FA006F2740</key>
		<dict>
			<key>isa</key>
			<string>PBXFileReference</string>
			<key>lastKnownFileType</key>
			<string>wrapper.framework</string>
			<key>name</key>
			<string>XCTest.framework</string>
			<key>path</key>
			<string>Library/Frameworks/XCTest.framework</string>
			<key>sourceTree</key>
			<string>DEVELOPER_DIR</string>
		</dict>
		<key>B92DD062189801FA006F2740</key>
		<dict>
			<key>fileRef</key>
			<string>B92DD061189801FA006F2740</string>
			<key>isa</key>
			<string>PBXBuildFile</string>
		</dict>
		<key>B92DD063189801FA006F2740</key>
		<dict>
			<key>fileRef</key>
			<string>B92DD03C189801F9006F2740</string>
			<key>isa</key>
			<string>PBXBuildFile</string>
		</dict>
		<key>B92DD064189801FA006F2740</key>
		<dict>
			<key>fileRef</key>
			<string>B92DD040189801FA006F2740</string>
			<key>isa</key>
			<string>PBXBuildFile</string>
		</dict>
		<key>B92DD065189801FA006F2740</key>
		<dict>
			<key>containerPortal</key>
			<string>B92DD031189801F9006F2740</string>
			<key>isa</key>
			<string>PBXContainerItemProxy</string>
			<key>proxyType</key>
			<string>1</string>
			<key>remoteGlobalIDString</key>
			<string>B92DD038189801F9006F2740</string>
			<key>remoteInfo</key>
			<string>NAKPlaybackIndicatorView</string>
		</dict>
		<key>B92DD066189801FA006F2740</key>
		<dict>
			<key>isa</key>
			<string>PBXTargetDependency</string>
			<key>target</key>
			<string>B92DD038189801F9006F2740</string>
			<key>targetProxy</key>
			<string>B92DD065189801FA006F2740</string>
		</dict>
		<key>B92DD067189801FA006F2740</key>
		<dict>
			<key>children</key>
			<array>
				<string>B94EDD2D189AD92600552FA0</string>
				<string>B92DD06D189801FA006F2740</string>
				<string>B92DD068189801FA006F2740</string>
			</array>
			<key>isa</key>
			<string>PBXGroup</string>
			<key>path</key>
			<string>Tests</string>
			<key>sourceTree</key>
			<string>&lt;group&gt;</string>
		</dict>
		<key>B92DD068189801FA006F2740</key>
		<dict>
			<key>children</key>
			<array>
				<string>B92DD069189801FA006F2740</string>
				<string>B92DD06A189801FA006F2740</string>
			</array>
			<key>isa</key>
			<string>PBXGroup</string>
			<key>name</key>
			<string>Supporting Files</string>
			<key>sourceTree</key>
			<string>&lt;group&gt;</string>
		</dict>
		<key>B92DD069189801FA006F2740</key>
		<dict>
			<key>isa</key>
			<string>PBXFileReference</string>
			<key>lastKnownFileType</key>
			<string>text.plist.xml</string>
			<key>path</key>
			<string>Tests-Info.plist</string>
			<key>sourceTree</key>
			<string>&lt;group&gt;</string>
		</dict>
		<key>B92DD06A189801FA006F2740</key>
		<dict>
			<key>children</key>
			<array>
				<string>B92DD06B189801FA006F2740</string>
			</array>
			<key>isa</key>
			<string>PBXVariantGroup</string>
			<key>name</key>
			<string>InfoPlist.strings</string>
			<key>sourceTree</key>
			<string>&lt;group&gt;</string>
		</dict>
		<key>B92DD06B189801FA006F2740</key>
		<dict>
			<key>isa</key>
			<string>PBXFileReference</string>
			<key>lastKnownFileType</key>
			<string>text.plist.strings</string>
			<key>name</key>
			<string>en</string>
			<key>path</key>
			<string>en.lproj/InfoPlist.strings</string>
			<key>sourceTree</key>
			<string>&lt;group&gt;</string>
		</dict>
		<key>B92DD06C189801FA006F2740</key>
		<dict>
			<key>fileRef</key>
			<string>B92DD06A189801FA006F2740</string>
			<key>isa</key>
			<string>PBXBuildFile</string>
		</dict>
		<key>B92DD06D189801FA006F2740</key>
		<dict>
			<key>isa</key>
			<string>PBXFileReference</string>
			<key>lastKnownFileType</key>
			<string>sourcecode.c.objc</string>
			<key>path</key>
			<string>SnapshotTests.m</string>
			<key>sourceTree</key>
			<string>&lt;group&gt;</string>
		</dict>
		<key>B92DD06E189801FA006F2740</key>
		<dict>
			<key>fileRef</key>
			<string>B92DD06D189801FA006F2740</string>
			<key>isa</key>
			<string>PBXBuildFile</string>
		</dict>
		<key>B92DD06F189801FA006F2740</key>
		<dict>
			<key>buildSettings</key>
			<dict>
				<key>ALWAYS_SEARCH_USER_PATHS</key>
				<string>NO</string>
				<key>CLANG_CXX_LANGUAGE_STANDARD</key>
				<string>gnu++0x</string>
				<key>CLANG_CXX_LIBRARY</key>
				<string>libc++</string>
				<key>CLANG_ENABLE_MODULES</key>
				<string>YES</string>
				<key>CLANG_ENABLE_OBJC_ARC</key>
				<string>YES</string>
				<key>CLANG_WARN_BOOL_CONVERSION</key>
				<string>YES</string>
				<key>CLANG_WARN_CONSTANT_CONVERSION</key>
				<string>YES</string>
				<key>CLANG_WARN_DIRECT_OBJC_ISA_USAGE</key>
				<string>YES_ERROR</string>
				<key>CLANG_WARN_EMPTY_BODY</key>
				<string>YES</string>
				<key>CLANG_WARN_ENUM_CONVERSION</key>
				<string>YES</string>
				<key>CLANG_WARN_INT_CONVERSION</key>
				<string>YES</string>
				<key>CLANG_WARN_OBJC_ROOT_CLASS</key>
				<string>YES_ERROR</string>
				<key>CLANG_WARN__DUPLICATE_METHOD_MATCH</key>
				<string>YES</string>
				<key>CODE_SIGN_IDENTITY[sdk=iphoneos*]</key>
				<string>iPhone Developer</string>
				<key>COPY_PHASE_STRIP</key>
				<string>NO</string>
				<key>GCC_C_LANGUAGE_STANDARD</key>
				<string>gnu99</string>
				<key>GCC_DYNAMIC_NO_PIC</key>
				<string>NO</string>
				<key>GCC_OPTIMIZATION_LEVEL</key>
				<string>0</string>
				<key>GCC_PREPROCESSOR_DEFINITIONS</key>
				<array>
					<string>DEBUG=1</string>
					<string>$(inherited)</string>
				</array>
				<key>GCC_SYMBOLS_PRIVATE_EXTERN</key>
				<string>NO</string>
				<key>GCC_WARN_64_TO_32_BIT_CONVERSION</key>
				<string>YES</string>
				<key>GCC_WARN_ABOUT_RETURN_TYPE</key>
				<string>YES_ERROR</string>
				<key>GCC_WARN_UNDECLARED_SELECTOR</key>
				<string>YES</string>
				<key>GCC_WARN_UNINITIALIZED_AUTOS</key>
				<string>YES</string>
				<key>GCC_WARN_UNUSED_FUNCTION</key>
				<string>YES</string>
				<key>GCC_WARN_UNUSED_VARIABLE</key>
				<string>YES</string>
				<key>IPHONEOS_DEPLOYMENT_TARGET</key>
				<string>7.0</string>
				<key>ONLY_ACTIVE_ARCH</key>
				<string>YES</string>
				<key>SDKROOT</key>
				<string>iphoneos</string>
				<key>TARGETED_DEVICE_FAMILY</key>
				<string>1,2</string>
			</dict>
			<key>isa</key>
			<string>XCBuildConfiguration</string>
			<key>name</key>
			<string>Debug</string>
		</dict>
		<key>B92DD070189801FA006F2740</key>
		<dict>
			<key>buildSettings</key>
			<dict>
				<key>ALWAYS_SEARCH_USER_PATHS</key>
				<string>NO</string>
				<key>CLANG_CXX_LANGUAGE_STANDARD</key>
				<string>gnu++0x</string>
				<key>CLANG_CXX_LIBRARY</key>
				<string>libc++</string>
				<key>CLANG_ENABLE_MODULES</key>
				<string>YES</string>
				<key>CLANG_ENABLE_OBJC_ARC</key>
				<string>YES</string>
				<key>CLANG_WARN_BOOL_CONVERSION</key>
				<string>YES</string>
				<key>CLANG_WARN_CONSTANT_CONVERSION</key>
				<string>YES</string>
				<key>CLANG_WARN_DIRECT_OBJC_ISA_USAGE</key>
				<string>YES_ERROR</string>
				<key>CLANG_WARN_EMPTY_BODY</key>
				<string>YES</string>
				<key>CLANG_WARN_ENUM_CONVERSION</key>
				<string>YES</string>
				<key>CLANG_WARN_INT_CONVERSION</key>
				<string>YES</string>
				<key>CLANG_WARN_OBJC_ROOT_CLASS</key>
				<string>YES_ERROR</string>
				<key>CLANG_WARN__DUPLICATE_METHOD_MATCH</key>
				<string>YES</string>
				<key>CODE_SIGN_IDENTITY[sdk=iphoneos*]</key>
				<string>iPhone Developer</string>
				<key>COPY_PHASE_STRIP</key>
				<string>YES</string>
				<key>ENABLE_NS_ASSERTIONS</key>
				<string>NO</string>
				<key>GCC_C_LANGUAGE_STANDARD</key>
				<string>gnu99</string>
				<key>GCC_WARN_64_TO_32_BIT_CONVERSION</key>
				<string>YES</string>
				<key>GCC_WARN_ABOUT_RETURN_TYPE</key>
				<string>YES_ERROR</string>
				<key>GCC_WARN_UNDECLARED_SELECTOR</key>
				<string>YES</string>
				<key>GCC_WARN_UNINITIALIZED_AUTOS</key>
				<string>YES</string>
				<key>GCC_WARN_UNUSED_FUNCTION</key>
				<string>YES</string>
				<key>GCC_WARN_UNUSED_VARIABLE</key>
				<string>YES</string>
				<key>IPHONEOS_DEPLOYMENT_TARGET</key>
				<string>7.0</string>
				<key>SDKROOT</key>
				<string>iphoneos</string>
				<key>TARGETED_DEVICE_FAMILY</key>
				<string>1,2</string>
				<key>VALIDATE_PRODUCT</key>
				<string>YES</string>
			</dict>
			<key>isa</key>
			<string>XCBuildConfiguration</string>
			<key>name</key>
			<string>Release</string>
		</dict>
		<key>B92DD071189801FA006F2740</key>
		<dict>
			<key>buildConfigurations</key>
			<array>
				<string>B92DD072189801FA006F2740</string>
				<string>B92DD073189801FA006F2740</string>
			</array>
			<key>defaultConfigurationIsVisible</key>
			<string>0</string>
			<key>defaultConfigurationName</key>
			<string>Release</string>
			<key>isa</key>
			<string>XCConfigurationList</string>
		</dict>
		<key>B92DD072189801FA006F2740</key>
		<dict>
			<key>buildSettings</key>
			<dict>
				<key>ASSETCATALOG_COMPILER_APPICON_NAME</key>
				<string>AppIcon</string>
				<key>ASSETCATALOG_COMPILER_LAUNCHIMAGE_NAME</key>
				<string>LaunchImage</string>
				<key>GCC_PRECOMPILE_PREFIX_HEADER</key>
				<string>YES</string>
				<key>GCC_PREFIX_HEADER</key>
				<string>TestHost/TestHost-Prefix.pch</string>
				<key>INFOPLIST_FILE</key>
				<string>TestHost/TestHost-Info.plist</string>
				<key>PRODUCT_NAME</key>
				<string>$(TARGET_NAME)</string>
				<key>WRAPPER_EXTENSION</key>
				<string>app</string>
			</dict>
			<key>isa</key>
			<string>XCBuildConfiguration</string>
			<key>name</key>
			<string>Debug</string>
		</dict>
		<key>B92DD073189801FA006F2740</key>
		<dict>
			<key>buildSettings</key>
			<dict>
				<key>ASSETCATALOG_COMPILER_APPICON_NAME</key>
				<string>AppIcon</string>
				<key>ASSETCATALOG_COMPILER_LAUNCHIMAGE_NAME</key>
				<string>LaunchImage</string>
				<key>GCC_PRECOMPILE_PREFIX_HEADER</key>
				<string>YES</string>
				<key>GCC_PREFIX_HEADER</key>
				<string>TestHost/TestHost-Prefix.pch</string>
				<key>INFOPLIST_FILE</key>
				<string>TestHost/TestHost-Info.plist</string>
				<key>PRODUCT_NAME</key>
				<string>$(TARGET_NAME)</string>
				<key>WRAPPER_EXTENSION</key>
				<string>app</string>
			</dict>
			<key>isa</key>
			<string>XCBuildConfiguration</string>
			<key>name</key>
			<string>Release</string>
		</dict>
		<key>B92DD074189801FA006F2740</key>
		<dict>
			<key>buildConfigurations</key>
			<array>
				<string>B92DD075189801FA006F2740</string>
				<string>B92DD076189801FA006F2740</string>
			</array>
			<key>defaultConfigurationIsVisible</key>
			<string>0</string>
			<key>defaultConfigurationName</key>
			<string>Release</string>
			<key>isa</key>
			<string>XCConfigurationList</string>
		</dict>
		<key>B92DD075189801FA006F2740</key>
		<dict>
			<key>baseConfigurationReference</key>
			<string>63D122B4DD7EE1EC866B5B97</string>
			<key>buildSettings</key>
			<dict>
				<key>BUNDLE_LOADER</key>
				<string>$(BUILT_PRODUCTS_DIR)/TestHost.app/TestHost</string>
				<key>FRAMEWORK_SEARCH_PATHS</key>
				<array>
					<string>$(SDKROOT)/Developer/Library/Frameworks</string>
					<string>$(inherited)</string>
					<string>$(DEVELOPER_FRAMEWORKS_DIR)</string>
				</array>
				<key>GCC_PRECOMPILE_PREFIX_HEADER</key>
				<string>YES</string>
				<key>GCC_PREFIX_HEADER</key>
				<string>TestHost/TestHost-Prefix.pch</string>
				<key>GCC_PREPROCESSOR_DEFINITIONS</key>
				<array>
					<string>DEBUG=1</string>
					<string>$(inherited)</string>
					<string>FB_REFERENCE_IMAGE_DIR="\"$(SOURCE_ROOT)/Tests/ReferenceImages\""</string>
				</array>
				<key>INFOPLIST_FILE</key>
				<string>Tests/Tests-Info.plist</string>
				<key>PRODUCT_NAME</key>
				<string>$(TARGET_NAME)</string>
				<key>TEST_HOST</key>
				<string>$(BUNDLE_LOADER)</string>
				<key>WRAPPER_EXTENSION</key>
				<string>xctest</string>
			</dict>
			<key>isa</key>
			<string>XCBuildConfiguration</string>
			<key>name</key>
			<string>Debug</string>
		</dict>
		<key>B92DD076189801FA006F2740</key>
		<dict>
			<key>baseConfigurationReference</key>
			<string>864D912F4C0733CD6085DE25</string>
			<key>buildSettings</key>
			<dict>
				<key>BUNDLE_LOADER</key>
				<string>$(BUILT_PRODUCTS_DIR)/TestHost.app/TestHost</string>
				<key>FRAMEWORK_SEARCH_PATHS</key>
				<array>
					<string>$(SDKROOT)/Developer/Library/Frameworks</string>
					<string>$(inherited)</string>
					<string>$(DEVELOPER_FRAMEWORKS_DIR)</string>
				</array>
				<key>GCC_PRECOMPILE_PREFIX_HEADER</key>
				<string>YES</string>
				<key>GCC_PREFIX_HEADER</key>
				<string>TestHost/TestHost-Prefix.pch</string>
				<key>GCC_PREPROCESSOR_DEFINITIONS</key>
				<array>
					<string>$(inherited)</string>
					<string>COCOAPODS=1</string>
					<string>FB_REFERENCE_IMAGE_DIR="\"$(SOURCE_ROOT)/Tests/ReferenceImages\""</string>
				</array>
				<key>INFOPLIST_FILE</key>
				<string>Tests/Tests-Info.plist</string>
				<key>PRODUCT_NAME</key>
				<string>$(TARGET_NAME)</string>
				<key>TEST_HOST</key>
				<string>$(BUNDLE_LOADER)</string>
				<key>WRAPPER_EXTENSION</key>
				<string>xctest</string>
			</dict>
			<key>isa</key>
			<string>XCBuildConfiguration</string>
			<key>name</key>
			<string>Release</string>
		</dict>
		<key>B9497864189BE09B00A0FD8B</key>
		<dict>
			<key>fileEncoding</key>
			<string>4</string>
			<key>isa</key>
			<string>PBXFileReference</string>
			<key>lastKnownFileType</key>
			<string>sourcecode.c.h</string>
			<key>path</key>
			<string>DMMusicPlayerController.h</string>
			<key>sourceTree</key>
			<string>&lt;group&gt;</string>
		</dict>
		<key>B9497865189BE09B00A0FD8B</key>
		<dict>
			<key>fileEncoding</key>
			<string>4</string>
			<key>isa</key>
			<string>PBXFileReference</string>
			<key>lastKnownFileType</key>
			<string>sourcecode.c.objc</string>
			<key>path</key>
			<string>DMMusicPlayerController.m</string>
			<key>sourceTree</key>
			<string>&lt;group&gt;</string>
		</dict>
		<key>B9497866189BE09B00A0FD8B</key>
		<dict>
			<key>fileRef</key>
			<string>B9497865189BE09B00A0FD8B</string>
			<key>isa</key>
			<string>PBXBuildFile</string>
		</dict>
		<key>B94978A8189C166100A0FD8B</key>
		<dict>
			<key>children</key>
			<array>
				<string>B9497864189BE09B00A0FD8B</string>
				<string>B9497865189BE09B00A0FD8B</string>
				<string>B94BDEA71899E069000527B0</string>
				<string>B94BDEA81899E069000527B0</string>
			</array>
			<key>isa</key>
			<string>PBXGroup</string>
			<key>name</key>
			<string>Fake MediaPlayer for Simulator</string>
			<key>sourceTree</key>
			<string>&lt;group&gt;</string>
		</dict>
		<key>B94BDEA71899E069000527B0</key>
		<dict>
			<key>fileEncoding</key>
			<string>4</string>
			<key>isa</key>
			<string>PBXFileReference</string>
			<key>lastKnownFileType</key>
			<string>sourcecode.c.h</string>
			<key>path</key>
			<string>DMMediaItem.h</string>
			<key>sourceTree</key>
			<string>&lt;group&gt;</string>
		</dict>
		<key>B94BDEA81899E069000527B0</key>
		<dict>
			<key>fileEncoding</key>
			<string>4</string>
			<key>isa</key>
			<string>PBXFileReference</string>
			<key>lastKnownFileType</key>
			<string>sourcecode.c.objc</string>
			<key>path</key>
			<string>DMMediaItem.m</string>
			<key>sourceTree</key>
			<string>&lt;group&gt;</string>
		</dict>
		<key>B94BDEA91899E069000527B0</key>
		<dict>
			<key>fileRef</key>
			<string>B94BDEA81899E069000527B0</string>
			<key>isa</key>
			<string>PBXBuildFile</string>
		</dict>
		<key>B94EDD2D189AD92600552FA0</key>
		<dict>
			<key>fileEncoding</key>
			<string>4</string>
			<key>isa</key>
			<string>PBXFileReference</string>
			<key>lastKnownFileType</key>
			<string>sourcecode.c.objc</string>
			<key>path</key>
			<string>NAKPlaybackIndicatorViewSpec.m</string>
			<key>sourceTree</key>
			<string>&lt;group&gt;</string>
		</dict>
		<key>B94EDD2E189AD92600552FA0</key>
		<dict>
			<key>fileRef</key>
			<string>B94EDD2D189AD92600552FA0</string>
			<key>isa</key>
			<string>PBXBuildFile</string>
		</dict>
		<key>B9606103189993BC00A50F87</key>
		<dict>
			<key>buildActionMask</key>
			<string>2147483647</string>
			<key>files</key>
			<array>
				<string>B94BDEA91899E069000527B0</string>
				<string>B9606112189993BC00A50F87</string>
				<string>B9606133189995AD00A50F87</string>
				<string>B9497866189BE09B00A0FD8B</string>
				<string>B9606116189993BC00A50F87</string>
				<string>B960613A18999C9F00A50F87</string>
			</array>
			<key>isa</key>
			<string>PBXSourcesBuildPhase</string>
			<key>runOnlyForDeploymentPostprocessing</key>
			<string>0</string>
		</dict>
		<key>B9606104189993BC00A50F87</key>
		<dict>
			<key>buildActionMask</key>
			<string>2147483647</string>
			<key>files</key>
			<array>
				<string>B9606109189993BC00A50F87</string>
				<string>B960610A189993BC00A50F87</string>
				<string>B9606108189993BC00A50F87</string>
				<string>9FB9899DBDA3488E89239FAE</string>
			</array>
			<key>isa</key>
			<string>PBXFrameworksBuildPhase</string>
			<key>runOnlyForDeploymentPostprocessing</key>
			<string>0</string>
		</dict>
		<key>B9606105189993BC00A50F87</key>
		<dict>
			<key>buildActionMask</key>
			<string>2147483647</string>
			<key>files</key>
			<array>
				<string>B9606110189993BC00A50F87</string>
				<string>B9606118189993BC00A50F87</string>
			</array>
			<key>isa</key>
			<string>PBXResourcesBuildPhase</string>
			<key>runOnlyForDeploymentPostprocessing</key>
			<string>0</string>
		</dict>
		<key>B9606106189993BC00A50F87</key>
		<dict>
			<key>buildConfigurationList</key>
			<string>B960612F189993BC00A50F87</string>
			<key>buildPhases</key>
			<array>
				<string>48E7ED25C3E34D768053F873</string>
				<string>B9606103189993BC00A50F87</string>
				<string>B9606104189993BC00A50F87</string>
				<string>B9606105189993BC00A50F87</string>
				<string>FE84D2A9585E41E388D8E81E</string>
			</array>
			<key>buildRules</key>
			<array/>
			<key>dependencies</key>
			<array/>
			<key>isa</key>
			<string>PBXNativeTarget</string>
			<key>name</key>
			<string>Demo</string>
			<key>productName</key>
			<string>Demo</string>
			<key>productReference</key>
			<string>B9606107189993BC00A50F87</string>
			<key>productType</key>
			<string>com.apple.product-type.application</string>
		</dict>
		<key>B9606107189993BC00A50F87</key>
		<dict>
			<key>explicitFileType</key>
			<string>wrapper.application</string>
			<key>includeInIndex</key>
			<string>0</string>
			<key>isa</key>
			<string>PBXFileReference</string>
			<key>path</key>
			<string>NAKPlaybackIndicatorView Demo.app</string>
			<key>sourceTree</key>
			<string>BUILT_PRODUCTS_DIR</string>
		</dict>
		<key>B9606108189993BC00A50F87</key>
		<dict>
			<key>fileRef</key>
			<string>B92DD03C189801F9006F2740</string>
			<key>isa</key>
			<string>PBXBuildFile</string>
		</dict>
		<key>B9606109189993BC00A50F87</key>
		<dict>
			<key>fileRef</key>
			<string>B92DD03E189801FA006F2740</string>
			<key>isa</key>
			<string>PBXBuildFile</string>
		</dict>
		<key>B960610A189993BC00A50F87</key>
		<dict>
			<key>fileRef</key>
			<string>B92DD040189801FA006F2740</string>
			<key>isa</key>
			<string>PBXBuildFile</string>
		</dict>
		<key>B960610B189993BC00A50F87</key>
		<dict>
			<key>children</key>
			<array>
				<string>B9606114189993BC00A50F87</string>
				<string>B9606115189993BC00A50F87</string>
				<string>B9606131189995AD00A50F87</string>
				<string>B9606132189995AD00A50F87</string>
				<string>B960613818999C9F00A50F87</string>
				<string>B960613918999C9F00A50F87</string>
				<string>B94978A8189C166100A0FD8B</string>
				<string>B9606117189993BC00A50F87</string>
				<string>B960610C189993BC00A50F87</string>
			</array>
			<key>isa</key>
			<string>PBXGroup</string>
			<key>path</key>
			<string>Demo</string>
			<key>sourceTree</key>
			<string>&lt;group&gt;</string>
		</dict>
		<key>B960610C189993BC00A50F87</key>
		<dict>
			<key>children</key>
			<array>
				<string>B960610D189993BC00A50F87</string>
				<string>B960610E189993BC00A50F87</string>
				<string>B9606111189993BC00A50F87</string>
				<string>B9606113189993BC00A50F87</string>
			</array>
			<key>isa</key>
			<string>PBXGroup</string>
			<key>name</key>
			<string>Supporting Files</string>
			<key>sourceTree</key>
			<string>&lt;group&gt;</string>
		</dict>
		<key>B960610D189993BC00A50F87</key>
		<dict>
			<key>isa</key>
			<string>PBXFileReference</string>
			<key>lastKnownFileType</key>
			<string>text.plist.xml</string>
			<key>path</key>
			<string>Demo-Info.plist</string>
			<key>sourceTree</key>
			<string>&lt;group&gt;</string>
		</dict>
		<key>B960610E189993BC00A50F87</key>
		<dict>
			<key>children</key>
			<array>
				<string>B960610F189993BC00A50F87</string>
			</array>
			<key>isa</key>
			<string>PBXVariantGroup</string>
			<key>name</key>
			<string>InfoPlist.strings</string>
			<key>sourceTree</key>
			<string>&lt;group&gt;</string>
		</dict>
		<key>B960610F189993BC00A50F87</key>
		<dict>
			<key>isa</key>
			<string>PBXFileReference</string>
			<key>lastKnownFileType</key>
			<string>text.plist.strings</string>
			<key>name</key>
			<string>en</string>
			<key>path</key>
			<string>en.lproj/InfoPlist.strings</string>
			<key>sourceTree</key>
			<string>&lt;group&gt;</string>
		</dict>
		<key>B9606110189993BC00A50F87</key>
		<dict>
			<key>fileRef</key>
			<string>B960610E189993BC00A50F87</string>
			<key>isa</key>
			<string>PBXBuildFile</string>
		</dict>
		<key>B9606111189993BC00A50F87</key>
		<dict>
			<key>isa</key>
			<string>PBXFileReference</string>
			<key>lastKnownFileType</key>
			<string>sourcecode.c.objc</string>
			<key>path</key>
			<string>main.m</string>
			<key>sourceTree</key>
			<string>&lt;group&gt;</string>
		</dict>
		<key>B9606112189993BC00A50F87</key>
		<dict>
			<key>fileRef</key>
			<string>B9606111189993BC00A50F87</string>
			<key>isa</key>
			<string>PBXBuildFile</string>
		</dict>
		<key>B9606113189993BC00A50F87</key>
		<dict>
			<key>isa</key>
			<string>PBXFileReference</string>
			<key>lastKnownFileType</key>
			<string>sourcecode.c.h</string>
			<key>path</key>
			<string>Demo-Prefix.pch</string>
			<key>sourceTree</key>
			<string>&lt;group&gt;</string>
		</dict>
		<key>B9606114189993BC00A50F87</key>
		<dict>
			<key>isa</key>
			<string>PBXFileReference</string>
			<key>lastKnownFileType</key>
			<string>sourcecode.c.h</string>
			<key>path</key>
			<string>DMAppDelegate.h</string>
			<key>sourceTree</key>
			<string>&lt;group&gt;</string>
		</dict>
		<key>B9606115189993BC00A50F87</key>
		<dict>
			<key>isa</key>
			<string>PBXFileReference</string>
			<key>lastKnownFileType</key>
			<string>sourcecode.c.objc</string>
			<key>path</key>
			<string>DMAppDelegate.m</string>
			<key>sourceTree</key>
			<string>&lt;group&gt;</string>
		</dict>
		<key>B9606116189993BC00A50F87</key>
		<dict>
			<key>fileRef</key>
			<string>B9606115189993BC00A50F87</string>
			<key>isa</key>
			<string>PBXBuildFile</string>
		</dict>
		<key>B9606117189993BC00A50F87</key>
		<dict>
			<key>isa</key>
			<string>PBXFileReference</string>
			<key>lastKnownFileType</key>
			<string>folder.assetcatalog</string>
			<key>path</key>
			<string>Images.xcassets</string>
			<key>sourceTree</key>
			<string>&lt;group&gt;</string>
		</dict>
		<key>B9606118189993BC00A50F87</key>
		<dict>
			<key>fileRef</key>
			<string>B9606117189993BC00A50F87</string>
			<key>isa</key>
			<string>PBXBuildFile</string>
		</dict>
		<key>B960612B189993BC00A50F87</key>
		<dict>
			<key>baseConfigurationReference</key>
			<string>95905CEFB2C909D57F8B1CE8</string>
			<key>buildSettings</key>
			<dict>
				<key>ASSETCATALOG_COMPILER_APPICON_NAME</key>
				<string>AppIcon</string>
				<key>ASSETCATALOG_COMPILER_LAUNCHIMAGE_NAME</key>
				<string>LaunchImage</string>
				<key>GCC_PRECOMPILE_PREFIX_HEADER</key>
				<string>YES</string>
				<key>GCC_PREFIX_HEADER</key>
				<string>Demo/Demo-Prefix.pch</string>
				<key>GCC_PREPROCESSOR_DEFINITIONS</key>
				<array>
					<string>DEBUG=1</string>
					<string>$(inherited)</string>
				</array>
				<key>INFOPLIST_FILE</key>
				<string>Demo/Demo-Info.plist</string>
				<key>PRODUCT_NAME</key>
				<string>NAKPlaybackIndicatorView $(TARGET_NAME)</string>
				<key>WRAPPER_EXTENSION</key>
				<string>app</string>
			</dict>
			<key>isa</key>
			<string>XCBuildConfiguration</string>
			<key>name</key>
			<string>Debug</string>
		</dict>
		<key>B960612C189993BC00A50F87</key>
		<dict>
			<key>baseConfigurationReference</key>
			<string>5508D6AED0F11CC91C882F6E</string>
			<key>buildSettings</key>
			<dict>
				<key>ASSETCATALOG_COMPILER_APPICON_NAME</key>
				<string>AppIcon</string>
				<key>ASSETCATALOG_COMPILER_LAUNCHIMAGE_NAME</key>
				<string>LaunchImage</string>
				<key>GCC_PRECOMPILE_PREFIX_HEADER</key>
				<string>YES</string>
				<key>GCC_PREFIX_HEADER</key>
				<string>Demo/Demo-Prefix.pch</string>
				<key>INFOPLIST_FILE</key>
				<string>Demo/Demo-Info.plist</string>
				<key>PRODUCT_NAME</key>
				<string>NAKPlaybackIndicatorView $(TARGET_NAME)</string>
				<key>WRAPPER_EXTENSION</key>
				<string>app</string>
			</dict>
			<key>isa</key>
			<string>XCBuildConfiguration</string>
			<key>name</key>
			<string>Release</string>
		</dict>
		<key>B960612F189993BC00A50F87</key>
		<dict>
			<key>buildConfigurations</key>
			<array>
				<string>B960612B189993BC00A50F87</string>
				<string>B960612C189993BC00A50F87</string>
			</array>
			<key>defaultConfigurationIsVisible</key>
			<string>0</string>
			<key>defaultConfigurationName</key>
			<string>Release</string>
			<key>isa</key>
			<string>XCConfigurationList</string>
		</dict>
		<key>B9606131189995AD00A50F87</key>
		<dict>
			<key>fileEncoding</key>
			<string>4</string>
			<key>isa</key>
			<string>PBXFileReference</string>
			<key>lastKnownFileType</key>
			<string>sourcecode.c.h</string>
			<key>path</key>
			<string>DMMusicViewController.h</string>
			<key>sourceTree</key>
			<string>&lt;group&gt;</string>
		</dict>
		<key>B9606132189995AD00A50F87</key>
		<dict>
			<key>fileEncoding</key>
			<string>4</string>
			<key>isa</key>
			<string>PBXFileReference</string>
			<key>lastKnownFileType</key>
			<string>sourcecode.c.objc</string>
			<key>path</key>
			<string>DMMusicViewController.m</string>
			<key>sourceTree</key>
			<string>&lt;group&gt;</string>
		</dict>
		<key>B9606133189995AD00A50F87</key>
		<dict>
			<key>fileRef</key>
			<string>B9606132189995AD00A50F87</string>
			<key>isa</key>
			<string>PBXBuildFile</string>
		</dict>
		<key>B96061341899971A00A50F87</key>
		<dict>
			<key>isa</key>
			<string>PBXFileReference</string>
			<key>lastKnownFileType</key>
			<string>wrapper.framework</string>
			<key>name</key>
			<string>AVFoundation.framework</string>
			<key>path</key>
			<string>System/Library/Frameworks/AVFoundation.framework</string>
			<key>sourceTree</key>
			<string>SDKROOT</string>
		</dict>
		<key>B96061361899977000A50F87</key>
		<dict>
			<key>isa</key>
			<string>PBXFileReference</string>
			<key>lastKnownFileType</key>
			<string>wrapper.framework</string>
			<key>name</key>
			<string>MediaPlayer.framework</string>
			<key>path</key>
			<string>System/Library/Frameworks/MediaPlayer.framework</string>
			<key>sourceTree</key>
			<string>SDKROOT</string>
		</dict>
		<key>B960613818999C9F00A50F87</key>
		<dict>
			<key>fileEncoding</key>
			<string>4</string>
			<key>isa</key>
			<string>PBXFileReference</string>
			<key>lastKnownFileType</key>
			<string>sourcecode.c.h</string>
			<key>path</key>
			<string>DMSongCell.h</string>
			<key>sourceTree</key>
			<string>&lt;group&gt;</string>
		</dict>
		<key>B960613918999C9F00A50F87</key>
		<dict>
			<key>fileEncoding</key>
			<string>4</string>
			<key>isa</key>
			<string>PBXFileReference</string>
			<key>lastKnownFileType</key>
			<string>sourcecode.c.objc</string>
			<key>path</key>
			<string>DMSongCell.m</string>
			<key>sourceTree</key>
			<string>&lt;group&gt;</string>
		</dict>
		<key>B960613A18999C9F00A50F87</key>
		<dict>
			<key>fileRef</key>
			<string>B960613918999C9F00A50F87</string>
			<key>isa</key>
			<string>PBXBuildFile</string>
		</dict>
		<key>B98DFF5B189FBDC300CB9A50</key>
		<dict>
			<key>fileRef</key>
			<string>B9EB23BC189FBBF50068241D</string>
			<key>isa</key>
			<string>PBXBuildFile</string>
		</dict>
		<key>B98DFF5C189FBDC600CB9A50</key>
		<dict>
			<key>fileRef</key>
			<string>B9EB23BE189FBBF50068241D</string>
			<key>isa</key>
			<string>PBXBuildFile</string>
		</dict>
		<key>B9EB23BB189FBBF50068241D</key>
		<dict>
			<key>isa</key>
			<string>PBXFileReference</string>
			<key>lastKnownFileType</key>
			<string>sourcecode.c.h</string>
			<key>path</key>
			<string>NAKPlaybackIndicatorView.h</string>
			<key>sourceTree</key>
			<string>&lt;group&gt;</string>
		</dict>
		<key>B9EB23BC189FBBF50068241D</key>
		<dict>
			<key>isa</key>
			<string>PBXFileReference</string>
			<key>lastKnownFileType</key>
			<string>sourcecode.c.objc</string>
			<key>path</key>
			<string>NAKPlaybackIndicatorView.m</string>
			<key>sourceTree</key>
			<string>&lt;group&gt;</string>
		</dict>
		<key>B9EB23BD189FBBF50068241D</key>
		<dict>
			<key>isa</key>
			<string>PBXFileReference</string>
			<key>lastKnownFileType</key>
			<string>sourcecode.c.h</string>
			<key>path</key>
			<string>NAKPlaybackIndicatorContentView.h</string>
			<key>sourceTree</key>
			<string>&lt;group&gt;</string>
		</dict>
		<key>B9EB23BE189FBBF50068241D</key>
		<dict>
			<key>isa</key>
			<string>PBXFileReference</string>
			<key>lastKnownFileType</key>
			<string>sourcecode.c.objc</string>
			<key>path</key>
			<string>NAKPlaybackIndicatorContentView.m</string>
			<key>sourceTree</key>
			<string>&lt;group&gt;</string>
		</dict>
		<key>B9EB23BF189FBBF50068241D</key>
		<dict>
			<key>children</key>
			<array>
				<string>B9EB23BB189FBBF50068241D</string>
				<string>B9EB23BC189FBBF50068241D</string>
				<string>B9EB23BD189FBBF50068241D</string>
				<string>B9EB23BE189FBBF50068241D</string>
			</array>
			<key>isa</key>
			<string>PBXGroup</string>
			<key>path</key>
			<string>Classes</string>
			<key>sourceTree</key>
			<string>&lt;group&gt;</string>
		</dict>
		<key>B9EB23C0189FBBF50068241D</key>
		<dict>
			<key>fileRef</key>
			<string>B9EB23BB189FBBF50068241D</string>
			<key>isa</key>
			<string>PBXBuildFile</string>
		</dict>
		<key>B9EB23C1189FBBF50068241D</key>
		<dict>
			<key>fileRef</key>
			<string>B9EB23BC189FBBF50068241D</string>
			<key>isa</key>
			<string>PBXBuildFile</string>
		</dict>
		<key>B9EB23C2189FBBF50068241D</key>
		<dict>
			<key>fileRef</key>
			<string>B9EB23BD189FBBF50068241D</string>
			<key>isa</key>
			<string>PBXBuildFile</string>
		</dict>
		<key>B9EB23C3189FBBF50068241D</key>
		<dict>
			<key>fileRef</key>
			<string>B9EB23BE189FBBF50068241D</string>
			<key>isa</key>
			<string>PBXBuildFile</string>
		</dict>
		<key>CF523484B77A4B0B8F86BEB5</key>
		<dict>
			<key>fileRef</key>
			<string>6AFD6214A1FA47AFB541AF9F</string>
			<key>isa</key>
			<string>PBXBuildFile</string>
		</dict>
		<key>FE84D2A9585E41E388D8E81E</key>
		<dict>
			<key>buildActionMask</key>
			<string>2147483647</string>
			<key>files</key>
			<array/>
			<key>inputPaths</key>
			<array/>
			<key>isa</key>
			<string>PBXShellScriptBuildPhase</string>
			<key>name</key>
			<string>Copy Pods Resources</string>
			<key>outputPaths</key>
			<array/>
			<key>runOnlyForDeploymentPostprocessing</key>
			<string>0</string>
			<key>shellPath</key>
			<string>/bin/sh</string>
			<key>shellScript</key>
			<string>"${SRCROOT}/Pods/Target Support Files/Pods-Demo/Pods-Demo-resources.sh"
</string>
			<key>showEnvVarsInLog</key>
			<string>0</string>
		</dict>
	</dict>
	<key>rootObject</key>
	<string>B92DD031189801F9006F2740</string>
</dict>
</plist>
