// !$*UTF8*$!
{
	archiveVersion = 1;
	classes = {
	};
	objectVersion = 46;
	objects = {

/* Begin PBXBuildFile section */
		B90656181F335EF10053A858 /* NAKPlaybackIndicatorView.m in Sources */ = {isa = PBXBuildFile; fileRef = B9EB23BC189FBBF50068241D /* NAKPlaybackIndicatorView.m */; };
		B90656191F335EF40053A858 /* NAKPlaybackIndicatorContentView.m in Sources */ = {isa = PBXBuildFile; fileRef = B9EB23BE189FBBF50068241D /* NAKPlaybackIndicatorContentView.m */; };
		B92DD03D189801F9006F2740 /* Foundation.framework in Frameworks */ = {isa = PBXBuildFile; fileRef = B92DD03C189801F9006F2740 /* Foundation.framework */; };
		B92DD03F189801FA006F2740 /* CoreGraphics.framework in Frameworks */ = {isa = PBXBuildFile; fileRef = B92DD03E189801FA006F2740 /* CoreGraphics.framework */; };
		B92DD041189801FA006F2740 /* UIKit.framework in Frameworks */ = {isa = PBXBuildFile; fileRef = B92DD040189801FA006F2740 /* UIKit.framework */; };
		B92DD047189801FA006F2740 /* InfoPlist.strings in Resources */ = {isa = PBXBuildFile; fileRef = B92DD045189801FA006F2740 /* InfoPlist.strings */; };
		B92DD049189801FA006F2740 /* main.m in Sources */ = {isa = PBXBuildFile; fileRef = B92DD048189801FA006F2740 /* main.m */; };
		B92DD04D189801FA006F2740 /* THAppDelegate.m in Sources */ = {isa = PBXBuildFile; fileRef = B92DD04C189801FA006F2740 /* THAppDelegate.m */; };
		B943F3001F3A208600BD7A98 /* Launch Screen.storyboard in Resources */ = {isa = PBXBuildFile; fileRef = B943F2FF1F3A208600BD7A98 /* Launch Screen.storyboard */; };
		B9497866189BE09B00A0FD8B /* DMMusicPlayerController.m in Sources */ = {isa = PBXBuildFile; fileRef = B9497865189BE09B00A0FD8B /* DMMusicPlayerController.m */; };
		B94BDEA91899E069000527B0 /* DMMediaItem.m in Sources */ = {isa = PBXBuildFile; fileRef = B94BDEA81899E069000527B0 /* DMMediaItem.m */; };
		B95BA00A1F3364A200340380 /* NAKPlaybackIndicatorViewStyle.m in Sources */ = {isa = PBXBuildFile; fileRef = B95BA0081F3364A200340380 /* NAKPlaybackIndicatorViewStyle.m */; };
		B95BA00C1F339E6800340380 /* NAKPlaybackIndicatorViewStyle.m in Sources */ = {isa = PBXBuildFile; fileRef = B95BA0081F3364A200340380 /* NAKPlaybackIndicatorViewStyle.m */; };
		B9606108189993BC00A50F87 /* Foundation.framework in Frameworks */ = {isa = PBXBuildFile; fileRef = B92DD03C189801F9006F2740 /* Foundation.framework */; };
		B9606109189993BC00A50F87 /* CoreGraphics.framework in Frameworks */ = {isa = PBXBuildFile; fileRef = B92DD03E189801FA006F2740 /* CoreGraphics.framework */; };
		B960610A189993BC00A50F87 /* UIKit.framework in Frameworks */ = {isa = PBXBuildFile; fileRef = B92DD040189801FA006F2740 /* UIKit.framework */; };
		B9606110189993BC00A50F87 /* InfoPlist.strings in Resources */ = {isa = PBXBuildFile; fileRef = B960610E189993BC00A50F87 /* InfoPlist.strings */; };
		B9606112189993BC00A50F87 /* main.m in Sources */ = {isa = PBXBuildFile; fileRef = B9606111189993BC00A50F87 /* main.m */; };
		B9606116189993BC00A50F87 /* DMAppDelegate.m in Sources */ = {isa = PBXBuildFile; fileRef = B9606115189993BC00A50F87 /* DMAppDelegate.m */; };
		B9606118189993BC00A50F87 /* Images.xcassets in Resources */ = {isa = PBXBuildFile; fileRef = B9606117189993BC00A50F87 /* Images.xcassets */; };
		B9606133189995AD00A50F87 /* DMMusicViewController.m in Sources */ = {isa = PBXBuildFile; fileRef = B9606132189995AD00A50F87 /* DMMusicViewController.m */; };
		B960613A18999C9F00A50F87 /* DMSongCell.m in Sources */ = {isa = PBXBuildFile; fileRef = B960613918999C9F00A50F87 /* DMSongCell.m */; };
		B98DFF5B189FBDC300CB9A50 /* NAKPlaybackIndicatorView.m in Sources */ = {isa = PBXBuildFile; fileRef = B9EB23BC189FBBF50068241D /* NAKPlaybackIndicatorView.m */; };
		B98DFF5C189FBDC600CB9A50 /* NAKPlaybackIndicatorContentView.m in Sources */ = {isa = PBXBuildFile; fileRef = B9EB23BE189FBBF50068241D /* NAKPlaybackIndicatorContentView.m */; };
		B9ADED161F23B08900DA8349 /* Launch Screen.storyboard in Resources */ = {isa = PBXBuildFile; fileRef = B9ADED151F23B08900DA8349 /* Launch Screen.storyboard */; };
		B9B3C7F81F1070D200FDEDBA /* NAKPlaybackIndicatorViewSpec.m in Sources */ = {isa = PBXBuildFile; fileRef = B94EDD2D189AD92600552FA0 /* NAKPlaybackIndicatorViewSpec.m */; };
		B9B3C7F91F1070D200FDEDBA /* SnapshotTests.m in Sources */ = {isa = PBXBuildFile; fileRef = B92DD06D189801FA006F2740 /* SnapshotTests.m */; };
		D44B793A46567540F754A113 /* libPods-Tests.a in Frameworks */ = {isa = PBXBuildFile; fileRef = 6AFD6214A1FA47AFB541AF9F /* libPods-Tests.a */; };
/* End PBXBuildFile section */

/* Begin PBXContainerItemProxy section */
		B9B3C7F31F1070AA00FDEDBA /* PBXContainerItemProxy */ = {
			isa = PBXContainerItemProxy;
			containerPortal = B92DD031189801F9006F2740 /* Project object */;
			proxyType = 1;
			remoteGlobalIDString = B92DD038189801F9006F2740;
			remoteInfo = TestHost;
		};
/* End PBXContainerItemProxy section */

/* Begin PBXFileReference section */
		63D122B4DD7EE1EC866B5B97 /* Pods-Tests.debug.xcconfig */ = {isa = PBXFileReference; includeInIndex = 1; lastKnownFileType = text.xcconfig; name = "Pods-Tests.debug.xcconfig"; path = "Pods/Target Support Files/Pods-Tests/Pods-Tests.debug.xcconfig"; sourceTree = "<group>"; };
		6AFD6214A1FA47AFB541AF9F /* libPods-Tests.a */ = {isa = PBXFileReference; explicitFileType = archive.ar; includeInIndex = 0; path = "libPods-Tests.a"; sourceTree = BUILT_PRODUCTS_DIR; };
		864D912F4C0733CD6085DE25 /* Pods-Tests.release.xcconfig */ = {isa = PBXFileReference; includeInIndex = 1; lastKnownFileType = text.xcconfig; name = "Pods-Tests.release.xcconfig"; path = "Pods/Target Support Files/Pods-Tests/Pods-Tests.release.xcconfig"; sourceTree = "<group>"; };
		B92DD039189801F9006F2740 /* TestHost.app */ = {isa = PBXFileReference; explicitFileType = wrapper.application; includeInIndex = 0; path = TestHost.app; sourceTree = BUILT_PRODUCTS_DIR; };
		B92DD03C189801F9006F2740 /* Foundation.framework */ = {isa = PBXFileReference; lastKnownFileType = wrapper.framework; name = Foundation.framework; path = System/Library/Frameworks/Foundation.framework; sourceTree = SDKROOT; };
		B92DD03E189801FA006F2740 /* CoreGraphics.framework */ = {isa = PBXFileReference; lastKnownFileType = wrapper.framework; name = CoreGraphics.framework; path = System/Library/Frameworks/CoreGraphics.framework; sourceTree = SDKROOT; };
		B92DD040189801FA006F2740 /* UIKit.framework */ = {isa = PBXFileReference; lastKnownFileType = wrapper.framework; name = UIKit.framework; path = System/Library/Frameworks/UIKit.framework; sourceTree = SDKROOT; };
		B92DD044189801FA006F2740 /* TestHost-Info.plist */ = {isa = PBXFileReference; lastKnownFileType = text.plist.xml; path = "TestHost-Info.plist"; sourceTree = "<group>"; };
		B92DD046189801FA006F2740 /* en */ = {isa = PBXFileReference; lastKnownFileType = text.plist.strings; name = en; path = en.lproj/InfoPlist.strings; sourceTree = "<group>"; };
		B92DD048189801FA006F2740 /* main.m */ = {isa = PBXFileReference; lastKnownFileType = sourcecode.c.objc; path = main.m; sourceTree = "<group>"; };
		B92DD04A189801FA006F2740 /* TestHost-Prefix.pch */ = {isa = PBXFileReference; lastKnownFileType = sourcecode.c.h; path = "TestHost-Prefix.pch"; sourceTree = "<group>"; };
		B92DD04B189801FA006F2740 /* THAppDelegate.h */ = {isa = PBXFileReference; lastKnownFileType = sourcecode.c.h; path = THAppDelegate.h; sourceTree = "<group>"; };
		B92DD04C189801FA006F2740 /* THAppDelegate.m */ = {isa = PBXFileReference; lastKnownFileType = sourcecode.c.objc; path = THAppDelegate.m; sourceTree = "<group>"; };
		B92DD061189801FA006F2740 /* XCTest.framework */ = {isa = PBXFileReference; lastKnownFileType = wrapper.framework; name = XCTest.framework; path = Library/Frameworks/XCTest.framework; sourceTree = DEVELOPER_DIR; };
		B92DD06D189801FA006F2740 /* SnapshotTests.m */ = {isa = PBXFileReference; lastKnownFileType = sourcecode.c.objc; path = SnapshotTests.m; sourceTree = "<group>"; };
		B943F2FF1F3A208600BD7A98 /* Launch Screen.storyboard */ = {isa = PBXFileReference; fileEncoding = 4; lastKnownFileType = file.storyboard; path = "Launch Screen.storyboard"; sourceTree = "<group>"; };
		B9497864189BE09B00A0FD8B /* DMMusicPlayerController.h */ = {isa = PBXFileReference; fileEncoding = 4; lastKnownFileType = sourcecode.c.h; path = DMMusicPlayerController.h; sourceTree = "<group>"; };
		B9497865189BE09B00A0FD8B /* DMMusicPlayerController.m */ = {isa = PBXFileReference; fileEncoding = 4; lastKnownFileType = sourcecode.c.objc; path = DMMusicPlayerController.m; sourceTree = "<group>"; };
		B94BDEA71899E069000527B0 /* DMMediaItem.h */ = {isa = PBXFileReference; fileEncoding = 4; lastKnownFileType = sourcecode.c.h; path = DMMediaItem.h; sourceTree = "<group>"; };
		B94BDEA81899E069000527B0 /* DMMediaItem.m */ = {isa = PBXFileReference; fileEncoding = 4; lastKnownFileType = sourcecode.c.objc; path = DMMediaItem.m; sourceTree = "<group>"; };
		B94EDD2D189AD92600552FA0 /* NAKPlaybackIndicatorViewSpec.m */ = {isa = PBXFileReference; fileEncoding = 4; lastKnownFileType = sourcecode.c.objc; path = NAKPlaybackIndicatorViewSpec.m; sourceTree = "<group>"; };
		B95BA0071F3364A200340380 /* NAKPlaybackIndicatorViewStyle.h */ = {isa = PBXFileReference; fileEncoding = 4; lastKnownFileType = sourcecode.c.h; path = NAKPlaybackIndicatorViewStyle.h; sourceTree = "<group>"; };
		B95BA0081F3364A200340380 /* NAKPlaybackIndicatorViewStyle.m */ = {isa = PBXFileReference; fileEncoding = 4; lastKnownFileType = sourcecode.c.objc; path = NAKPlaybackIndicatorViewStyle.m; sourceTree = "<group>"; };
		B9606107189993BC00A50F87 /* NAKPlaybackIndicatorView Demo.app */ = {isa = PBXFileReference; explicitFileType = wrapper.application; includeInIndex = 0; path = "NAKPlaybackIndicatorView Demo.app"; sourceTree = BUILT_PRODUCTS_DIR; };
		B960610D189993BC00A50F87 /* Demo-Info.plist */ = {isa = PBXFileReference; lastKnownFileType = text.plist.xml; path = "Demo-Info.plist"; sourceTree = "<group>"; };
		B960610F189993BC00A50F87 /* en */ = {isa = PBXFileReference; lastKnownFileType = text.plist.strings; name = en; path = en.lproj/InfoPlist.strings; sourceTree = "<group>"; };
		B9606111189993BC00A50F87 /* main.m */ = {isa = PBXFileReference; lastKnownFileType = sourcecode.c.objc; path = main.m; sourceTree = "<group>"; };
		B9606113189993BC00A50F87 /* Demo-Prefix.pch */ = {isa = PBXFileReference; lastKnownFileType = sourcecode.c.h; path = "Demo-Prefix.pch"; sourceTree = "<group>"; };
		B9606114189993BC00A50F87 /* DMAppDelegate.h */ = {isa = PBXFileReference; lastKnownFileType = sourcecode.c.h; path = DMAppDelegate.h; sourceTree = "<group>"; };
		B9606115189993BC00A50F87 /* DMAppDelegate.m */ = {isa = PBXFileReference; lastKnownFileType = sourcecode.c.objc; path = DMAppDelegate.m; sourceTree = "<group>"; };
		B9606117189993BC00A50F87 /* Images.xcassets */ = {isa = PBXFileReference; lastKnownFileType = folder.assetcatalog; path = Images.xcassets; sourceTree = "<group>"; };
		B9606131189995AD00A50F87 /* DMMusicViewController.h */ = {isa = PBXFileReference; fileEncoding = 4; lastKnownFileType = sourcecode.c.h; path = DMMusicViewController.h; sourceTree = "<group>"; };
		B9606132189995AD00A50F87 /* DMMusicViewController.m */ = {isa = PBXFileReference; fileEncoding = 4; lastKnownFileType = sourcecode.c.objc; path = DMMusicViewController.m; sourceTree = "<group>"; };
		B96061341899971A00A50F87 /* AVFoundation.framework */ = {isa = PBXFileReference; lastKnownFileType = wrapper.framework; name = AVFoundation.framework; path = System/Library/Frameworks/AVFoundation.framework; sourceTree = SDKROOT; };
		B96061361899977000A50F87 /* MediaPlayer.framework */ = {isa = PBXFileReference; lastKnownFileType = wrapper.framework; name = MediaPlayer.framework; path = System/Library/Frameworks/MediaPlayer.framework; sourceTree = SDKROOT; };
		B960613818999C9F00A50F87 /* DMSongCell.h */ = {isa = PBXFileReference; fileEncoding = 4; lastKnownFileType = sourcecode.c.h; path = DMSongCell.h; sourceTree = "<group>"; };
		B960613918999C9F00A50F87 /* DMSongCell.m */ = {isa = PBXFileReference; fileEncoding = 4; lastKnownFileType = sourcecode.c.objc; path = DMSongCell.m; sourceTree = "<group>"; };
		B9ADED151F23B08900DA8349 /* Launch Screen.storyboard */ = {isa = PBXFileReference; fileEncoding = 4; lastKnownFileType = file.storyboard; path = "Launch Screen.storyboard"; sourceTree = "<group>"; };
		B9B3C7EE1F1070AA00FDEDBA /* Tests.xctest */ = {isa = PBXFileReference; explicitFileType = wrapper.cfbundle; includeInIndex = 0; path = Tests.xctest; sourceTree = BUILT_PRODUCTS_DIR; };
		B9B3C7F21F1070AA00FDEDBA /* Info.plist */ = {isa = PBXFileReference; lastKnownFileType = text.plist.xml; path = Info.plist; sourceTree = "<group>"; };
		B9EB23BB189FBBF50068241D /* NAKPlaybackIndicatorView.h */ = {isa = PBXFileReference; lastKnownFileType = sourcecode.c.h; path = NAKPlaybackIndicatorView.h; sourceTree = "<group>"; };
		B9EB23BC189FBBF50068241D /* NAKPlaybackIndicatorView.m */ = {isa = PBXFileReference; lastKnownFileType = sourcecode.c.objc; path = NAKPlaybackIndicatorView.m; sourceTree = "<group>"; };
		B9EB23BD189FBBF50068241D /* NAKPlaybackIndicatorContentView.h */ = {isa = PBXFileReference; lastKnownFileType = sourcecode.c.h; path = NAKPlaybackIndicatorContentView.h; sourceTree = "<group>"; };
		B9EB23BE189FBBF50068241D /* NAKPlaybackIndicatorContentView.m */ = {isa = PBXFileReference; lastKnownFileType = sourcecode.c.objc; path = NAKPlaybackIndicatorContentView.m; sourceTree = "<group>"; };
/* End PBXFileReference section */

/* Begin PBXFrameworksBuildPhase section */
		B92DD036189801F9006F2740 /* Frameworks */ = {
			isa = PBXFrameworksBuildPhase;
			buildActionMask = 2147483647;
			files = (
				B92DD03F189801FA006F2740 /* CoreGraphics.framework in Frameworks */,
				B92DD041189801FA006F2740 /* UIKit.framework in Frameworks */,
				B92DD03D189801F9006F2740 /* Foundation.framework in Frameworks */,
			);
			runOnlyForDeploymentPostprocessing = 0;
		};
		B9606104189993BC00A50F87 /* Frameworks */ = {
			isa = PBXFrameworksBuildPhase;
			buildActionMask = 2147483647;
			files = (
				B9606109189993BC00A50F87 /* CoreGraphics.framework in Frameworks */,
				B960610A189993BC00A50F87 /* UIKit.framework in Frameworks */,
				B9606108189993BC00A50F87 /* Foundation.framework in Frameworks */,
			);
			runOnlyForDeploymentPostprocessing = 0;
		};
		B9B3C7EB1F1070AA00FDEDBA /* Frameworks */ = {
			isa = PBXFrameworksBuildPhase;
			buildActionMask = 2147483647;
			files = (
				D44B793A46567540F754A113 /* libPods-Tests.a in Frameworks */,
			);
			runOnlyForDeploymentPostprocessing = 0;
		};
/* End PBXFrameworksBuildPhase section */

/* Begin PBXGroup section */
		0507B0A0582C9A536D3A6768 /* Pods */ = {
			isa = PBXGroup;
			children = (
				63D122B4DD7EE1EC866B5B97 /* Pods-Tests.debug.xcconfig */,
				864D912F4C0733CD6085DE25 /* Pods-Tests.release.xcconfig */,
			);
			name = Pods;
			sourceTree = "<group>";
		};
		B92DD030189801F9006F2740 = {
			isa = PBXGroup;
			children = (
				B9EB23BF189FBBF50068241D /* Classes */,
				B92DD042189801FA006F2740 /* TestHost */,
				B92DD067189801FA006F2740 /* Tests */,
				B960610B189993BC00A50F87 /* Demo */,
				B92DD03B189801F9006F2740 /* Frameworks */,
				B92DD03A189801F9006F2740 /* Products */,
				0507B0A0582C9A536D3A6768 /* Pods */,
			);
			sourceTree = "<group>";
		};
		B92DD03A189801F9006F2740 /* Products */ = {
			isa = PBXGroup;
			children = (
				B92DD039189801F9006F2740 /* TestHost.app */,
				B9606107189993BC00A50F87 /* NAKPlaybackIndicatorView Demo.app */,
				B9B3C7EE1F1070AA00FDEDBA /* Tests.xctest */,
			);
			name = Products;
			sourceTree = "<group>";
		};
		B92DD03B189801F9006F2740 /* Frameworks */ = {
			isa = PBXGroup;
			children = (
				B96061361899977000A50F87 /* MediaPlayer.framework */,
				B96061341899971A00A50F87 /* AVFoundation.framework */,
				B92DD03C189801F9006F2740 /* Foundation.framework */,
				B92DD03E189801FA006F2740 /* CoreGraphics.framework */,
				B92DD040189801FA006F2740 /* UIKit.framework */,
				B92DD061189801FA006F2740 /* XCTest.framework */,
				6AFD6214A1FA47AFB541AF9F /* libPods-Tests.a */,
			);
			name = Frameworks;
			sourceTree = "<group>";
		};
		B92DD042189801FA006F2740 /* TestHost */ = {
			isa = PBXGroup;
			children = (
				B92DD04B189801FA006F2740 /* THAppDelegate.h */,
				B92DD04C189801FA006F2740 /* THAppDelegate.m */,
				B943F2FF1F3A208600BD7A98 /* Launch Screen.storyboard */,
				B92DD043189801FA006F2740 /* Supporting Files */,
			);
			path = TestHost;
			sourceTree = "<group>";
		};
		B92DD043189801FA006F2740 /* Supporting Files */ = {
			isa = PBXGroup;
			children = (
				B92DD044189801FA006F2740 /* TestHost-Info.plist */,
				B92DD045189801FA006F2740 /* InfoPlist.strings */,
				B92DD048189801FA006F2740 /* main.m */,
				B92DD04A189801FA006F2740 /* TestHost-Prefix.pch */,
			);
			name = "Supporting Files";
			sourceTree = "<group>";
		};
		B92DD067189801FA006F2740 /* Tests */ = {
			isa = PBXGroup;
			children = (
				B94EDD2D189AD92600552FA0 /* NAKPlaybackIndicatorViewSpec.m */,
				B92DD06D189801FA006F2740 /* SnapshotTests.m */,
				B9B3C7F21F1070AA00FDEDBA /* Info.plist */,
			);
			path = Tests;
			sourceTree = "<group>";
		};
		B94978A8189C166100A0FD8B /* Fake MediaPlayer for Simulator */ = {
			isa = PBXGroup;
			children = (
				B9497864189BE09B00A0FD8B /* DMMusicPlayerController.h */,
				B9497865189BE09B00A0FD8B /* DMMusicPlayerController.m */,
				B94BDEA71899E069000527B0 /* DMMediaItem.h */,
				B94BDEA81899E069000527B0 /* DMMediaItem.m */,
			);
			name = "Fake MediaPlayer for Simulator";
			sourceTree = "<group>";
		};
		B960610B189993BC00A50F87 /* Demo */ = {
			isa = PBXGroup;
			children = (
				B9606114189993BC00A50F87 /* DMAppDelegate.h */,
				B9606115189993BC00A50F87 /* DMAppDelegate.m */,
				B9606131189995AD00A50F87 /* DMMusicViewController.h */,
				B9606132189995AD00A50F87 /* DMMusicViewController.m */,
				B960613818999C9F00A50F87 /* DMSongCell.h */,
				B960613918999C9F00A50F87 /* DMSongCell.m */,
				B94978A8189C166100A0FD8B /* Fake MediaPlayer for Simulator */,
				B9ADED151F23B08900DA8349 /* Launch Screen.storyboard */,
				B9606117189993BC00A50F87 /* Images.xcassets */,
				B960610C189993BC00A50F87 /* Supporting Files */,
			);
			path = Demo;
			sourceTree = "<group>";
		};
		B960610C189993BC00A50F87 /* Supporting Files */ = {
			isa = PBXGroup;
			children = (
				B960610D189993BC00A50F87 /* Demo-Info.plist */,
				B960610E189993BC00A50F87 /* InfoPlist.strings */,
				B9606111189993BC00A50F87 /* main.m */,
				B9606113189993BC00A50F87 /* Demo-Prefix.pch */,
			);
			name = "Supporting Files";
			sourceTree = "<group>";
		};
		B9EB23BF189FBBF50068241D /* Classes */ = {
			isa = PBXGroup;
			children = (
				B9EB23BB189FBBF50068241D /* NAKPlaybackIndicatorView.h */,
				B9EB23BC189FBBF50068241D /* NAKPlaybackIndicatorView.m */,
				B95BA0071F3364A200340380 /* NAKPlaybackIndicatorViewStyle.h */,
				B95BA0081F3364A200340380 /* NAKPlaybackIndicatorViewStyle.m */,
				B9EB23BD189FBBF50068241D /* NAKPlaybackIndicatorContentView.h */,
				B9EB23BE189FBBF50068241D /* NAKPlaybackIndicatorContentView.m */,
			);
			path = Classes;
			sourceTree = "<group>";
		};
/* End PBXGroup section */

/* Begin PBXNativeTarget section */
		B92DD038189801F9006F2740 /* TestHost */ = {
			isa = PBXNativeTarget;
			buildConfigurationList = B92DD071189801FA006F2740 /* Build configuration list for PBXNativeTarget "TestHost" */;
			buildPhases = (
				B92DD035189801F9006F2740 /* Sources */,
				B92DD036189801F9006F2740 /* Frameworks */,
				B92DD037189801F9006F2740 /* Resources */,
			);
			buildRules = (
			);
			dependencies = (
			);
			name = TestHost;
			productName = NAKPlaybackIndicatorView;
			productReference = B92DD039189801F9006F2740 /* TestHost.app */;
			productType = "com.apple.product-type.application";
		};
		B9606106189993BC00A50F87 /* Demo */ = {
			isa = PBXNativeTarget;
			buildConfigurationList = B960612F189993BC00A50F87 /* Build configuration list for PBXNativeTarget "Demo" */;
			buildPhases = (
				B9606103189993BC00A50F87 /* Sources */,
				B9606104189993BC00A50F87 /* Frameworks */,
				B9606105189993BC00A50F87 /* Resources */,
			);
			buildRules = (
			);
			dependencies = (
			);
			name = Demo;
			productName = Demo;
			productReference = B9606107189993BC00A50F87 /* NAKPlaybackIndicatorView Demo.app */;
			productType = "com.apple.product-type.application";
		};
		B9B3C7ED1F1070AA00FDEDBA /* Tests */ = {
			isa = PBXNativeTarget;
			buildConfigurationList = B9B3C7F51F1070AA00FDEDBA /* Build configuration list for PBXNativeTarget "Tests" */;
			buildPhases = (
				EA73F9F4B013F35F7D70643C /* [CP] Check Pods Manifest.lock */,
				B9B3C7EA1F1070AA00FDEDBA /* Sources */,
				B9B3C7EB1F1070AA00FDEDBA /* Frameworks */,
				B9B3C7EC1F1070AA00FDEDBA /* Resources */,
			);
			buildRules = (
			);
			dependencies = (
				B9B3C7F41F1070AA00FDEDBA /* PBXTargetDependency */,
			);
			name = Tests;
			productName = Tests;
			productReference = B9B3C7EE1F1070AA00FDEDBA /* Tests.xctest */;
			productType = "com.apple.product-type.bundle.unit-test";
		};
/* End PBXNativeTarget section */

/* Begin PBXProject section */
		B92DD031189801F9006F2740 /* Project object */ = {
			isa = PBXProject;
			attributes = {
				CLASSPREFIX = NA;
				LastUpgradeCheck = 1100;
				ORGANIZATIONNAME = "Yuji Nakayama";
				TargetAttributes = {
					B9606106189993BC00A50F87 = {
						DevelopmentTeam = 8LSN3WQC77;
					};
					B9B3C7ED1F1070AA00FDEDBA = {
						CreatedOnToolsVersion = 8.3.3;
						DevelopmentTeam = 5NKMULV7SQ;
						ProvisioningStyle = Automatic;
						TestTargetID = B92DD038189801F9006F2740;
					};
				};
			};
			buildConfigurationList = B92DD034189801F9006F2740 /* Build configuration list for PBXProject "NAKPlaybackIndicatorView" */;
			compatibilityVersion = "Xcode 3.2";
			developmentRegion = en;
			hasScannedForEncodings = 0;
			knownRegions = (
				en,
				Base,
			);
			mainGroup = B92DD030189801F9006F2740;
			productRefGroup = B92DD03A189801F9006F2740 /* Products */;
			projectDirPath = "";
			projectRoot = "";
			targets = (
				B92DD038189801F9006F2740 /* TestHost */,
				B9606106189993BC00A50F87 /* Demo */,
				B9B3C7ED1F1070AA00FDEDBA /* Tests */,
			);
		};
/* End PBXProject section */

/* Begin PBXResourcesBuildPhase section */
		B92DD037189801F9006F2740 /* Resources */ = {
			isa = PBXResourcesBuildPhase;
			buildActionMask = 2147483647;
			files = (
				B943F3001F3A208600BD7A98 /* Launch Screen.storyboard in Resources */,
				B92DD047189801FA006F2740 /* InfoPlist.strings in Resources */,
			);
			runOnlyForDeploymentPostprocessing = 0;
		};
		B9606105189993BC00A50F87 /* Resources */ = {
			isa = PBXResourcesBuildPhase;
			buildActionMask = 2147483647;
			files = (
				B9ADED161F23B08900DA8349 /* Launch Screen.storyboard in Resources */,
				B9606110189993BC00A50F87 /* InfoPlist.strings in Resources */,
				B9606118189993BC00A50F87 /* Images.xcassets in Resources */,
			);
			runOnlyForDeploymentPostprocessing = 0;
		};
		B9B3C7EC1F1070AA00FDEDBA /* Resources */ = {
			isa = PBXResourcesBuildPhase;
			buildActionMask = 2147483647;
			files = (
			);
			runOnlyForDeploymentPostprocessing = 0;
		};
/* End PBXResourcesBuildPhase section */

/* Begin PBXShellScriptBuildPhase section */
		EA73F9F4B013F35F7D70643C /* [CP] Check Pods Manifest.lock */ = {
			isa = PBXShellScriptBuildPhase;
			buildActionMask = 2147483647;
			files = (
			);
			inputPaths = (
				"${PODS_PODFILE_DIR_PATH}/Podfile.lock",
				"${PODS_ROOT}/Manifest.lock",
			);
			name = "[CP] Check Pods Manifest.lock";
			outputPaths = (
				"$(DERIVED_FILE_DIR)/Pods-Tests-checkManifestLockResult.txt",
			);
			runOnlyForDeploymentPostprocessing = 0;
			shellPath = /bin/sh;
			shellScript = "diff \"${PODS_PODFILE_DIR_PATH}/Podfile.lock\" \"${PODS_ROOT}/Manifest.lock\" > /dev/null\nif [ $? != 0 ] ; then\n    # print error to STDERR\n    echo \"error: The sandbox is not in sync with the Podfile.lock. Run 'pod install' or update your CocoaPods installation.\" >&2\n    exit 1\nfi\n# This output is used by Xcode 'outputs' to avoid re-running this script phase.\necho \"SUCCESS\" > \"${SCRIPT_OUTPUT_FILE_0}\"\n";
			showEnvVarsInLog = 0;
		};
/* End PBXShellScriptBuildPhase section */

/* Begin PBXSourcesBuildPhase section */
		B92DD035189801F9006F2740 /* Sources */ = {
			isa = PBXSourcesBuildPhase;
			buildActionMask = 2147483647;
			files = (
				B95BA00C1F339E6800340380 /* NAKPlaybackIndicatorViewStyle.m in Sources */,
				B98DFF5C189FBDC600CB9A50 /* NAKPlaybackIndicatorContentView.m in Sources */,
				B92DD049189801FA006F2740 /* main.m in Sources */,
				B98DFF5B189FBDC300CB9A50 /* NAKPlaybackIndicatorView.m in Sources */,
				B92DD04D189801FA006F2740 /* THAppDelegate.m in Sources */,
			);
			runOnlyForDeploymentPostprocessing = 0;
		};
		B9606103189993BC00A50F87 /* Sources */ = {
			isa = PBXSourcesBuildPhase;
			buildActionMask = 2147483647;
			files = (
				B90656191F335EF40053A858 /* NAKPlaybackIndicatorContentView.m in Sources */,
				B95BA00A1F3364A200340380 /* NAKPlaybackIndicatorViewStyle.m in Sources */,
				B94BDEA91899E069000527B0 /* DMMediaItem.m in Sources */,
				B9606112189993BC00A50F87 /* main.m in Sources */,
				B90656181F335EF10053A858 /* NAKPlaybackIndicatorView.m in Sources */,
				B9606133189995AD00A50F87 /* DMMusicViewController.m in Sources */,
				B9497866189BE09B00A0FD8B /* DMMusicPlayerController.m in Sources */,
				B9606116189993BC00A50F87 /* DMAppDelegate.m in Sources */,
				B960613A18999C9F00A50F87 /* DMSongCell.m in Sources */,
			);
			runOnlyForDeploymentPostprocessing = 0;
		};
		B9B3C7EA1F1070AA00FDEDBA /* Sources */ = {
			isa = PBXSourcesBuildPhase;
			buildActionMask = 2147483647;
			files = (
				B9B3C7F91F1070D200FDEDBA /* SnapshotTests.m in Sources */,
				B9B3C7F81F1070D200FDEDBA /* NAKPlaybackIndicatorViewSpec.m in Sources */,
			);
			runOnlyForDeploymentPostprocessing = 0;
		};
/* End PBXSourcesBuildPhase section */

/* Begin PBXTargetDependency section */
		B9B3C7F41F1070AA00FDEDBA /* PBXTargetDependency */ = {
			isa = PBXTargetDependency;
			target = B92DD038189801F9006F2740 /* TestHost */;
			targetProxy = B9B3C7F31F1070AA00FDEDBA /* PBXContainerItemProxy */;
		};
/* End PBXTargetDependency section */

/* Begin PBXVariantGroup section */
		B92DD045189801FA006F2740 /* InfoPlist.strings */ = {
			isa = PBXVariantGroup;
			children = (
				B92DD046189801FA006F2740 /* en */,
			);
			name = InfoPlist.strings;
			sourceTree = "<group>";
		};
		B960610E189993BC00A50F87 /* InfoPlist.strings */ = {
			isa = PBXVariantGroup;
			children = (
				B960610F189993BC00A50F87 /* en */,
			);
			name = InfoPlist.strings;
			sourceTree = "<group>";
		};
/* End PBXVariantGroup section */

/* Begin XCBuildConfiguration section */
		B92DD06F189801FA006F2740 /* Debug */ = {
			isa = XCBuildConfiguration;
			buildSettings = {
				ALWAYS_SEARCH_USER_PATHS = NO;
				CLANG_CXX_LANGUAGE_STANDARD = "gnu++0x";
				CLANG_CXX_LIBRARY = "libc++";
				CLANG_ENABLE_MODULES = YES;
				CLANG_ENABLE_OBJC_ARC = YES;
				CLANG_WARN_BLOCK_CAPTURE_AUTORELEASING = YES;
				CLANG_WARN_BOOL_CONVERSION = YES;
				CLANG_WARN_COMMA = YES;
				CLANG_WARN_CONSTANT_CONVERSION = YES;
				CLANG_WARN_DEPRECATED_OBJC_IMPLEMENTATIONS = YES;
				CLANG_WARN_DIRECT_OBJC_ISA_USAGE = YES_ERROR;
				CLANG_WARN_EMPTY_BODY = YES;
				CLANG_WARN_ENUM_CONVERSION = YES;
				CLANG_WARN_INFINITE_RECURSION = YES;
				CLANG_WARN_INT_CONVERSION = YES;
				CLANG_WARN_NON_LITERAL_NULL_CONVERSION = YES;
				CLANG_WARN_OBJC_IMPLICIT_RETAIN_SELF = YES;
				CLANG_WARN_OBJC_LITERAL_CONVERSION = YES;
				CLANG_WARN_OBJC_ROOT_CLASS = YES_ERROR;
				CLANG_WARN_RANGE_LOOP_ANALYSIS = YES;
				CLANG_WARN_STRICT_PROTOTYPES = YES;
				CLANG_WARN_SUSPICIOUS_MOVE = YES;
				CLANG_WARN_UNREACHABLE_CODE = YES;
				CLANG_WARN__DUPLICATE_METHOD_MATCH = YES;
				"CODE_SIGN_IDENTITY[sdk=iphoneos*]" = "iPhone Developer";
				COPY_PHASE_STRIP = NO;
				ENABLE_STRICT_OBJC_MSGSEND = YES;
				ENABLE_TESTABILITY = YES;
				GCC_C_LANGUAGE_STANDARD = gnu99;
				GCC_DYNAMIC_NO_PIC = NO;
				GCC_NO_COMMON_BLOCKS = YES;
				GCC_OPTIMIZATION_LEVEL = 0;
				GCC_PREPROCESSOR_DEFINITIONS = (
					"DEBUG=1",
					"$(inherited)",
				);
				GCC_SYMBOLS_PRIVATE_EXTERN = NO;
				GCC_WARN_64_TO_32_BIT_CONVERSION = YES;
				GCC_WARN_ABOUT_RETURN_TYPE = YES_ERROR;
				GCC_WARN_UNDECLARED_SELECTOR = YES;
				GCC_WARN_UNINITIALIZED_AUTOS = YES;
				GCC_WARN_UNUSED_FUNCTION = YES;
				GCC_WARN_UNUSED_VARIABLE = YES;
				IPHONEOS_DEPLOYMENT_TARGET = 8.0;
				ONLY_ACTIVE_ARCH = YES;
				SDKROOT = iphoneos;
				TARGETED_DEVICE_FAMILY = "1,2";
			};
			name = Debug;
		};
		B92DD070189801FA006F2740 /* Release */ = {
			isa = XCBuildConfiguration;
			buildSettings = {
				ALWAYS_SEARCH_USER_PATHS = NO;
				CLANG_CXX_LANGUAGE_STANDARD = "gnu++0x";
				CLANG_CXX_LIBRARY = "libc++";
				CLANG_ENABLE_MODULES = YES;
				CLANG_ENABLE_OBJC_ARC = YES;
				CLANG_WARN_BLOCK_CAPTURE_AUTORELEASING = YES;
				CLANG_WARN_BOOL_CONVERSION = YES;
				CLANG_WARN_COMMA = YES;
				CLANG_WARN_CONSTANT_CONVERSION = YES;
				CLANG_WARN_DEPRECATED_OBJC_IMPLEMENTATIONS = YES;
				CLANG_WARN_DIRECT_OBJC_ISA_USAGE = YES_ERROR;
				CLANG_WARN_EMPTY_BODY = YES;
				CLANG_WARN_ENUM_CONVERSION = YES;
				CLANG_WARN_INFINITE_RECURSION = YES;
				CLANG_WARN_INT_CONVERSION = YES;
				CLANG_WARN_NON_LITERAL_NULL_CONVERSION = YES;
				CLANG_WARN_OBJC_IMPLICIT_RETAIN_SELF = YES;
				CLANG_WARN_OBJC_LITERAL_CONVERSION = YES;
				CLANG_WARN_OBJC_ROOT_CLASS = YES_ERROR;
				CLANG_WARN_RANGE_LOOP_ANALYSIS = YES;
				CLANG_WARN_STRICT_PROTOTYPES = YES;
				CLANG_WARN_SUSPICIOUS_MOVE = YES;
				CLANG_WARN_UNREACHABLE_CODE = YES;
				CLANG_WARN__DUPLICATE_METHOD_MATCH = YES;
				"CODE_SIGN_IDENTITY[sdk=iphoneos*]" = "iPhone Developer";
				COPY_PHASE_STRIP = YES;
				ENABLE_NS_ASSERTIONS = NO;
				ENABLE_STRICT_OBJC_MSGSEND = YES;
				GCC_C_LANGUAGE_STANDARD = gnu99;
				GCC_NO_COMMON_BLOCKS = YES;
				GCC_WARN_64_TO_32_BIT_CONVERSION = YES;
				GCC_WARN_ABOUT_RETURN_TYPE = YES_ERROR;
				GCC_WARN_UNDECLARED_SELECTOR = YES;
				GCC_WARN_UNINITIALIZED_AUTOS = YES;
				GCC_WARN_UNUSED_FUNCTION = YES;
				GCC_WARN_UNUSED_VARIABLE = YES;
				IPHONEOS_DEPLOYMENT_TARGET = 8.0;
				SDKROOT = iphoneos;
				TARGETED_DEVICE_FAMILY = "1,2";
				VALIDATE_PRODUCT = YES;
			};
			name = Release;
		};
		B92DD072189801FA006F2740 /* Debug */ = {
			isa = XCBuildConfiguration;
			buildSettings = {
				GCC_PRECOMPILE_PREFIX_HEADER = YES;
				GCC_PREFIX_HEADER = "TestHost/TestHost-Prefix.pch";
				INFOPLIST_FILE = "TestHost/TestHost-Info.plist";
				PRODUCT_BUNDLE_IDENTIFIER = "me.yujinakayama.${PRODUCT_NAME:rfc1034identifier}";
				PRODUCT_NAME = "$(TARGET_NAME)";
				WRAPPER_EXTENSION = app;
			};
			name = Debug;
		};
		B92DD073189801FA006F2740 /* Release */ = {
			isa = XCBuildConfiguration;
			buildSettings = {
				GCC_PRECOMPILE_PREFIX_HEADER = YES;
				GCC_PREFIX_HEADER = "TestHost/TestHost-Prefix.pch";
				INFOPLIST_FILE = "TestHost/TestHost-Info.plist";
				PRODUCT_BUNDLE_IDENTIFIER = "me.yujinakayama.${PRODUCT_NAME:rfc1034identifier}";
				PRODUCT_NAME = "$(TARGET_NAME)";
				WRAPPER_EXTENSION = app;
			};
			name = Release;
		};
		B960612B189993BC00A50F87 /* Debug */ = {
			isa = XCBuildConfiguration;
			buildSettings = {
				ASSETCATALOG_COMPILER_APPICON_NAME = AppIcon;
				DEVELOPMENT_TEAM = 8LSN3WQC77;
				GCC_PRECOMPILE_PREFIX_HEADER = YES;
				GCC_PREFIX_HEADER = "Demo/Demo-Prefix.pch";
				GCC_PREPROCESSOR_DEFINITIONS = (
					"DEBUG=1",
					"$(inherited)",
				);
				INFOPLIST_FILE = "Demo/Demo-Info.plist";
				PRODUCT_BUNDLE_IDENTIFIER = "me.yujinakayama.${PRODUCT_NAME:rfc1034identifier}";
				PRODUCT_NAME = "NAKPlaybackIndicatorView $(TARGET_NAME)";
				WRAPPER_EXTENSION = app;
			};
			name = Debug;
		};
		B960612C189993BC00A50F87 /* Release */ = {
			isa = XCBuildConfiguration;
			buildSettings = {
				ASSETCATALOG_COMPILER_APPICON_NAME = AppIcon;
				DEVELOPMENT_TEAM = 8LSN3WQC77;
				GCC_PRECOMPILE_PREFIX_HEADER = YES;
				GCC_PREFIX_HEADER = "Demo/Demo-Prefix.pch";
				INFOPLIST_FILE = "Demo/Demo-Info.plist";
				PRODUCT_BUNDLE_IDENTIFIER = "me.yujinakayama.${PRODUCT_NAME:rfc1034identifier}";
				PRODUCT_NAME = "NAKPlaybackIndicatorView $(TARGET_NAME)";
				WRAPPER_EXTENSION = app;
			};
			name = Release;
		};
		B9B3C7F61F1070AA00FDEDBA /* Debug */ = {
			isa = XCBuildConfiguration;
			baseConfigurationReference = 63D122B4DD7EE1EC866B5B97 /* Pods-Tests.debug.xcconfig */;
			buildSettings = {
				BUNDLE_LOADER = "$(TEST_HOST)";
				CLANG_ANALYZER_NONNULL = YES;
				CLANG_ANALYZER_NUMBER_OBJECT_CONVERSION = YES_AGGRESSIVE;
				CLANG_WARN_DOCUMENTATION_COMMENTS = YES;
				CLANG_WARN_INFINITE_RECURSION = YES;
				CLANG_WARN_SUSPICIOUS_MOVE = YES;
				CLANG_WARN_UNREACHABLE_CODE = YES;
				DEBUG_INFORMATION_FORMAT = dwarf;
				DEVELOPMENT_TEAM = 5NKMULV7SQ;
				ENABLE_STRICT_OBJC_MSGSEND = YES;
				ENABLE_TESTABILITY = YES;
				GCC_NO_COMMON_BLOCKS = YES;
				GCC_PREPROCESSOR_DEFINITIONS = (
					"$(inherited)",
					"COCOAPODS=1",
					"FB_REFERENCE_IMAGE_DIR=\"\\\"$(SOURCE_ROOT)/Tests/ReferenceImages\\\"\"",
				);
				GCC_WARN_UNINITIALIZED_AUTOS = YES_AGGRESSIVE;
				INFOPLIST_FILE = Tests/Info.plist;
				IPHONEOS_DEPLOYMENT_TARGET = 10.3;
				LD_RUNPATH_SEARCH_PATHS = "$(inherited) @executable_path/Frameworks @loader_path/Frameworks";
				MTL_ENABLE_DEBUG_INFO = YES;
				PRODUCT_BUNDLE_IDENTIFIER = me.yujinakayama.Tests;
				PRODUCT_NAME = "$(TARGET_NAME)";
				TEST_HOST = "$(BUILT_PRODUCTS_DIR)/TestHost.app/TestHost";
			};
			name = Debug;
		};
		B9B3C7F71F1070AA00FDEDBA /* Release */ = {
			isa = XCBuildConfiguration;
			baseConfigurationReference = 864D912F4C0733CD6085DE25 /* Pods-Tests.release.xcconfig */;
			buildSettings = {
				BUNDLE_LOADER = "$(TEST_HOST)";
				CLANG_ANALYZER_NONNULL = YES;
				CLANG_ANALYZER_NUMBER_OBJECT_CONVERSION = YES_AGGRESSIVE;
				CLANG_WARN_DOCUMENTATION_COMMENTS = YES;
				CLANG_WARN_INFINITE_RECURSION = YES;
				CLANG_WARN_SUSPICIOUS_MOVE = YES;
				CLANG_WARN_UNREACHABLE_CODE = YES;
				COPY_PHASE_STRIP = NO;
				DEBUG_INFORMATION_FORMAT = "dwarf-with-dsym";
				DEVELOPMENT_TEAM = 5NKMULV7SQ;
				ENABLE_STRICT_OBJC_MSGSEND = YES;
				GCC_NO_COMMON_BLOCKS = YES;
				GCC_PREPROCESSOR_DEFINITIONS = (
					"$(inherited)",
					"COCOAPODS=1",
					"FB_REFERENCE_IMAGE_DIR=\"\\\"$(SOURCE_ROOT)/Tests/ReferenceImages\\\"\"",
				);
				GCC_WARN_UNINITIALIZED_AUTOS = YES_AGGRESSIVE;
				INFOPLIST_FILE = Tests/Info.plist;
				IPHONEOS_DEPLOYMENT_TARGET = 10.3;
				LD_RUNPATH_SEARCH_PATHS = "$(inherited) @executable_path/Frameworks @loader_path/Frameworks";
				MTL_ENABLE_DEBUG_INFO = NO;
				PRODUCT_BUNDLE_IDENTIFIER = me.yujinakayama.Tests;
				PRODUCT_NAME = "$(TARGET_NAME)";
				TEST_HOST = "$(BUILT_PRODUCTS_DIR)/TestHost.app/TestHost";
			};
			name = Release;
		};
/* End XCBuildConfiguration section */

/* Begin XCConfigurationList section */
		B92DD034189801F9006F2740 /* Build configuration list for PBXProject "NAKPlaybackIndicatorView" */ = {
			isa = XCConfigurationList;
			buildConfigurations = (
				B92DD06F189801FA006F2740 /* Debug */,
				B92DD070189801FA006F2740 /* Release */,
			);
			defaultConfigurationIsVisible = 0;
			defaultConfigurationName = Release;
		};
		B92DD071189801FA006F2740 /* Build configuration list for PBXNativeTarget "TestHost" */ = {
			isa = XCConfigurationList;
			buildConfigurations = (
				B92DD072189801FA006F2740 /* Debug */,
				B92DD073189801FA006F2740 /* Release */,
			);
			defaultConfigurationIsVisible = 0;
			defaultConfigurationName = Release;
		};
		B960612F189993BC00A50F87 /* Build configuration list for PBXNativeTarget "Demo" */ = {
			isa = XCConfigurationList;
			buildConfigurations = (
				B960612B189993BC00A50F87 /* Debug */,
				B960612C189993BC00A50F87 /* Release */,
			);
			defaultConfigurationIsVisible = 0;
			defaultConfigurationName = Release;
		};
		B9B3C7F51F1070AA00FDEDBA /* Build configuration list for PBXNativeTarget "Tests" */ = {
			isa = XCConfigurationList;
			buildConfigurations = (
				B9B3C7F61F1070AA00FDEDBA /* Debug */,
				B9B3C7F71F1070AA00FDEDBA /* Release */,
			);
			defaultConfigurationIsVisible = 0;
			defaultConfigurationName = Release;
		};
/* End XCConfigurationList section */
	};
	rootObject = B92DD031189801F9006F2740 /* Project object */;
}
